// !$*UTF8*$!
{
	archiveVersion = 1;
	classes = {
	};
	objectVersion = 52;
	objects = {

/* Begin PBXBuildFile section */
		0914B97C270B6B90008E297F /* CKService.swift in Sources */ = {isa = PBXBuildFile; fileRef = 0914B97B270B6B90008E297F /* CKService.swift */; };
		0914B97E270B6CF8008E297F /* CKUserModel.swift in Sources */ = {isa = PBXBuildFile; fileRef = 0914B97D270B6CF8008E297F /* CKUserModel.swift */; };
		0914B982270B8016008E297F /* CKListModel.swift in Sources */ = {isa = PBXBuildFile; fileRef = 0914B981270B8016008E297F /* CKListModel.swift */; };
		0914B984270B84E8008E297F /* CKItemModel.swift in Sources */ = {isa = PBXBuildFile; fileRef = 0914B983270B84E8008E297F /* CKItemModel.swift */; };
		0914B986270CC7D2008E297F /* Helper.swift in Sources */ = {isa = PBXBuildFile; fileRef = 0914B985270CC7D2008E297F /* Helper.swift */; };
		0914B988270E0C7B008E297F /* DeepLink.swift in Sources */ = {isa = PBXBuildFile; fileRef = 0914B987270E0C7B008E297F /* DeepLink.swift */; };
		0914E8352718AAF9006E5DB8 /* CustomSource.swift in Sources */ = {isa = PBXBuildFile; fileRef = 0914E8342718AAF9006E5DB8 /* CustomSource.swift */; };
		0944BDED27079529006634B9 /* CloudKit.framework in Frameworks */ = {isa = PBXBuildFile; fileRef = 0944BDEC27079529006634B9 /* CloudKit.framework */; };
		09725B0526446C710006D410 /* CustomNavigationBar.swift in Sources */ = {isa = PBXBuildFile; fileRef = 09725B0426446C710006D410 /* CustomNavigationBar.swift */; };
		09725B09264470EE0006D410 /* MainScreen.swift in Sources */ = {isa = PBXBuildFile; fileRef = 09725B08264470EE0006D410 /* MainScreen.swift */; };
		09725B1B264C5FE40006D410 /* FakeSearchBar.swift in Sources */ = {isa = PBXBuildFile; fileRef = 09725B1A264C5FE40006D410 /* FakeSearchBar.swift */; };
		09725B1D264C60BC0006D410 /* ItemCommentView.swift in Sources */ = {isa = PBXBuildFile; fileRef = 09725B1C264C60BC0006D410 /* ItemCommentView.swift */; };
		09725B1F264C63510006D410 /* ListPerItemsView.swift in Sources */ = {isa = PBXBuildFile; fileRef = 09725B1E264C63510006D410 /* ListPerItemsView.swift */; };
		09725B232652DCAD0006D410 /* ListByCategoryView.swift in Sources */ = {isa = PBXBuildFile; fileRef = 09725B222652DCAD0006D410 /* ListByCategoryView.swift */; };
		09725B2F2656E0000006D410 /* DefaultLS.png in Resources */ = {isa = PBXBuildFile; fileRef = 09725B2E2656E0000006D410 /* DefaultLS.png */; };
		0977040E2728C62500232F9D /* CKOwnerModel.swift in Sources */ = {isa = PBXBuildFile; fileRef = 0977040D2728C62400232F9D /* CKOwnerModel.swift */; };
		097704102728C63800232F9D /* OwnerModel.swift in Sources */ = {isa = PBXBuildFile; fileRef = 0977040F2728C63800232F9D /* OwnerModel.swift */; };
		097704122728C80800232F9D /* OwnerModelConverter.swift in Sources */ = {isa = PBXBuildFile; fileRef = 097704112728C80800232F9D /* OwnerModelConverter.swift */; };
		09BE3B9E265C228900F5E7C5 /* SplashView.swift in Sources */ = {isa = PBXBuildFile; fileRef = 09BE3B9D265C228900F5E7C5 /* SplashView.swift */; };
		1B325E2126545176001A0F28 /* LaunchScreen.storyboard in Resources */ = {isa = PBXBuildFile; fileRef = 1B325E2026545176001A0F28 /* LaunchScreen.storyboard */; };
		1B32EF0A26600A41006AE70B /* Lottie in Frameworks */ = {isa = PBXBuildFile; productRef = 1B32EF0926600A41006AE70B /* Lottie */; };
		1B32EF0F26600AA1006AE70B /* NoItemsView.swift in Sources */ = {isa = PBXBuildFile; fileRef = 1B32EF0E26600AA1006AE70B /* NoItemsView.swift */; };
		1B32EF1426600B4F006AE70B /* cestinha-v2.json in Resources */ = {isa = PBXBuildFile; fileRef = 1B32EF1326600B4F006AE70B /* cestinha-v2.json */; };
		1B32EF1926600B78006AE70B /* CestinhaView.swift in Sources */ = {isa = PBXBuildFile; fileRef = 1B32EF1826600B78006AE70B /* CestinhaView.swift */; };
		1B43E5AE264B0F61002C6D64 /* MainView.swift in Sources */ = {isa = PBXBuildFile; fileRef = 1B43E5AD264B0F61002C6D64 /* MainView.swift */; };
		1B43E5B3264B13BE002C6D64 /* DropViewDelegate.swift in Sources */ = {isa = PBXBuildFile; fileRef = 1B43E5B2264B13BE002C6D64 /* DropViewDelegate.swift */; };
		1B4678B426447F850014B288 /* AddNewItemView.swift in Sources */ = {isa = PBXBuildFile; fileRef = 1B4678B326447F850014B288 /* AddNewItemView.swift */; };
		1B4678BA26447FC40014B288 /* SeachBar.swift in Sources */ = {isa = PBXBuildFile; fileRef = 1B4678B926447FC40014B288 /* SeachBar.swift */; };
		1B60EC8A2719E9F500046FE9 /* UserModel.swift in Sources */ = {isa = PBXBuildFile; fileRef = 1B60EC892719E9F500046FE9 /* UserModel.swift */; };
		1B60EC8C2719EB6000046FE9 /* UserModelConverter.swift in Sources */ = {isa = PBXBuildFile; fileRef = 1B60EC8B2719EB6000046FE9 /* UserModelConverter.swift */; };
		1B60EC8E271A020300046FE9 /* ProductModelConverter.swift in Sources */ = {isa = PBXBuildFile; fileRef = 1B60EC8D271A020300046FE9 /* ProductModelConverter.swift */; };
		1B60EC90271DE7D000046FE9 /* AddCollaboratorSheetView.swift in Sources */ = {isa = PBXBuildFile; fileRef = 1B60EC8F271DE7D000046FE9 /* AddCollaboratorSheetView.swift */; };
		1B93E8F1270F901500AA89B6 /* ItemModelConverter.swift in Sources */ = {isa = PBXBuildFile; fileRef = 1B93E8F0270F901500AA89B6 /* ItemModelConverter.swift */; };
		1BE5B6E4270E126A00338A02 /* ListModelConverter.swift in Sources */ = {isa = PBXBuildFile; fileRef = 1BE5B6E3270E126A00338A02 /* ListModelConverter.swift */; };
		1BFA5FA2263C72900030AE03 /* SuperlistaApp.swift in Sources */ = {isa = PBXBuildFile; fileRef = 1BFA5FA1263C72900030AE03 /* SuperlistaApp.swift */; };
		1BFA5FA4263C72900030AE03 /* ProductListView.swift in Sources */ = {isa = PBXBuildFile; fileRef = 1BFA5FA3263C72900030AE03 /* ProductListView.swift */; };
		1BFA5FA6263C72940030AE03 /* Assets.xcassets in Resources */ = {isa = PBXBuildFile; fileRef = 1BFA5FA5263C72940030AE03 /* Assets.xcassets */; };
		1BFA5FA9263C72940030AE03 /* Preview Assets.xcassets in Resources */ = {isa = PBXBuildFile; fileRef = 1BFA5FA8263C72940030AE03 /* Preview Assets.xcassets */; };
		1BFA604F2641DAFB0030AE03 /* DataModel.swift in Sources */ = {isa = PBXBuildFile; fileRef = 1BFA604E2641DAFB0030AE03 /* DataModel.swift */; };
		1BFA60572641DB770030AE03 /* ProductModel.swift in Sources */ = {isa = PBXBuildFile; fileRef = 1BFA60562641DB770030AE03 /* ProductModel.swift */; };
		1BFA60682641DE9B0030AE03 /* productList.json in Resources */ = {isa = PBXBuildFile; fileRef = 1BFA60672641DE9B0030AE03 /* productList.json */; };
		382E7F5627189A9500EE4E5D /* NetworkMonitor.swift in Sources */ = {isa = PBXBuildFile; fileRef = 382E7F5527189A9500EE4E5D /* NetworkMonitor.swift */; };
		382E7F5A271DEF4600EE4E5D /* UserArrays.swift in Sources */ = {isa = PBXBuildFile; fileRef = 382E7F59271DEF4600EE4E5D /* UserArrays.swift */; };
		382E7F66271E0EA600EE4E5D /* Localizable.strings in Resources */ = {isa = PBXBuildFile; fileRef = 382E7F68271E0EA600EE4E5D /* Localizable.strings */; };
		389B80CC271F5D2C00ADCBE1 /* Wave.swift in Sources */ = {isa = PBXBuildFile; fileRef = 389B80CB271F5D2C00ADCBE1 /* Wave.swift */; };
		389B80D0271F61DE00ADCBE1 /* SettingsView.swift in Sources */ = {isa = PBXBuildFile; fileRef = 389B80CF271F61DE00ADCBE1 /* SettingsView.swift */; };
		389B80D3271F7C5700ADCBE1 /* ProfilePicture.swift in Sources */ = {isa = PBXBuildFile; fileRef = 389B80D2271F7C5700ADCBE1 /* ProfilePicture.swift */; };
		389B80D5271F7C8300ADCBE1 /* SettingLabel.swift in Sources */ = {isa = PBXBuildFile; fileRef = 389B80D4271F7C8300ADCBE1 /* SettingLabel.swift */; };
		389B80D7271F7DB300ADCBE1 /* ImagePicker.swift in Sources */ = {isa = PBXBuildFile; fileRef = 389B80D6271F7DB300ADCBE1 /* ImagePicker.swift */; };
		389B80DD271F848300ADCBE1 /* ProfileHeader.swift in Sources */ = {isa = PBXBuildFile; fileRef = 389B80DC271F848300ADCBE1 /* ProfileHeader.swift */; };
		389B80E02720AEFB00ADCBE1 /* EditProfileView.swift in Sources */ = {isa = PBXBuildFile; fileRef = 389B80DF2720AEFB00ADCBE1 /* EditProfileView.swift */; };
		890913822649BC8100C619A3 /* DataService.swift in Sources */ = {isa = PBXBuildFile; fileRef = 890913812649BC8100C619A3 /* DataService.swift */; };
		890913842649BCCA00C619A3 /* ListModel.swift in Sources */ = {isa = PBXBuildFile; fileRef = 890913832649BCCA00C619A3 /* ListModel.swift */; };
		890DB3A1273ACDB900575246 /* productList_en.json in Resources */ = {isa = PBXBuildFile; fileRef = 890DB3A0273ACDB900575246 /* productList_en.json */; };
		892774012729ECDC00C19B70 /* UDService.swift in Sources */ = {isa = PBXBuildFile; fileRef = 892774002729ECDC00C19B70 /* UDService.swift */; };
		89398DDA27232F7000C395E5 /* OnboardingView.swift in Sources */ = {isa = PBXBuildFile; fileRef = 89398DD927232F7000C395E5 /* OnboardingView.swift */; };
		89398DE3272342B000C395E5 /* OnboardingFieldsView.swift in Sources */ = {isa = PBXBuildFile; fileRef = 89398DE2272342B000C395E5 /* OnboardingFieldsView.swift */; };
		89398DE5272344EF00C395E5 /* MediumButtonStyle.swift in Sources */ = {isa = PBXBuildFile; fileRef = 89398DE4272344EF00C395E5 /* MediumButtonStyle.swift */; };
		893BA28A2654A84600A300DA /* CategoryModel.swift in Sources */ = {isa = PBXBuildFile; fileRef = 893BA2892654A84600A300DA /* CategoryModel.swift */; };
		8948F8D4265325E000394EB6 /* ListHeader.swift in Sources */ = {isa = PBXBuildFile; fileRef = 8948F8D3265325E000394EB6 /* ListHeader.swift */; };
		8980E9CA2644AF91002A5073 /* ListView.swift in Sources */ = {isa = PBXBuildFile; fileRef = 8980E9C92644AF91002A5073 /* ListView.swift */; };
		898D645B264316300019ABCE /* ProductListViewModel.swift in Sources */ = {isa = PBXBuildFile; fileRef = 898D645A264316300019ABCE /* ProductListViewModel.swift */; };
		898D6461264321CB0019ABCE /* ItemModel.swift in Sources */ = {isa = PBXBuildFile; fileRef = 898D6460264321CB0019ABCE /* ItemModel.swift */; };
		8998CA6D27331C61005569DC /* productList_de.json in Resources */ = {isa = PBXBuildFile; fileRef = 8998CA6C27331C61005569DC /* productList_de.json */; };
		89C5B6D72726287200129A94 /* TextFieldStyle.swift in Sources */ = {isa = PBXBuildFile; fileRef = 89C5B6D62726287200129A94 /* TextFieldStyle.swift */; };
		89C5B6D927262C4700129A94 /* OnboardingPageModel.swift in Sources */ = {isa = PBXBuildFile; fileRef = 89C5B6D827262C4700129A94 /* OnboardingPageModel.swift */; };
		89C5B6DB2726308F00129A94 /* UploadPictureButton.swift in Sources */ = {isa = PBXBuildFile; fileRef = 89C5B6DA2726308F00129A94 /* UploadPictureButton.swift */; };
		89D38E99271A065D0015DFAE /* CloudIntegration.swift in Sources */ = {isa = PBXBuildFile; fileRef = 89D38E98271A065D0015DFAE /* CloudIntegration.swift */; };
/* End PBXBuildFile section */

/* Begin PBXContainerItemProxy section */
		1BFA5FB0263C72940030AE03 /* PBXContainerItemProxy */ = {
			isa = PBXContainerItemProxy;
			containerPortal = 1BFA5F96263C72900030AE03 /* Project object */;
			proxyType = 1;
			remoteGlobalIDString = 1BFA5F9D263C72900030AE03;
			remoteInfo = Superlista;
		};
		1BFA5FBB263C72940030AE03 /* PBXContainerItemProxy */ = {
			isa = PBXContainerItemProxy;
			containerPortal = 1BFA5F96263C72900030AE03 /* Project object */;
			proxyType = 1;
			remoteGlobalIDString = 1BFA5F9D263C72900030AE03;
			remoteInfo = Superlista;
		};
/* End PBXContainerItemProxy section */

/* Begin PBXFileReference section */
		0914B97B270B6B90008E297F /* CKService.swift */ = {isa = PBXFileReference; lastKnownFileType = sourcecode.swift; path = CKService.swift; sourceTree = "<group>"; };
		0914B97D270B6CF8008E297F /* CKUserModel.swift */ = {isa = PBXFileReference; lastKnownFileType = sourcecode.swift; path = CKUserModel.swift; sourceTree = "<group>"; };
		0914B981270B8016008E297F /* CKListModel.swift */ = {isa = PBXFileReference; lastKnownFileType = sourcecode.swift; path = CKListModel.swift; sourceTree = "<group>"; };
		0914B983270B84E8008E297F /* CKItemModel.swift */ = {isa = PBXFileReference; lastKnownFileType = sourcecode.swift; path = CKItemModel.swift; sourceTree = "<group>"; };
		0914B985270CC7D2008E297F /* Helper.swift */ = {isa = PBXFileReference; lastKnownFileType = sourcecode.swift; path = Helper.swift; sourceTree = "<group>"; };
		0914B987270E0C7B008E297F /* DeepLink.swift */ = {isa = PBXFileReference; lastKnownFileType = sourcecode.swift; path = DeepLink.swift; sourceTree = "<group>"; };
		0914E8342718AAF9006E5DB8 /* CustomSource.swift */ = {isa = PBXFileReference; lastKnownFileType = sourcecode.swift; path = CustomSource.swift; sourceTree = "<group>"; };
		0944BDEA270794F5006634B9 /* Superlista.entitlements */ = {isa = PBXFileReference; lastKnownFileType = text.plist.entitlements; path = Superlista.entitlements; sourceTree = "<group>"; };
		0944BDEC27079529006634B9 /* CloudKit.framework */ = {isa = PBXFileReference; lastKnownFileType = wrapper.framework; name = CloudKit.framework; path = System/Library/Frameworks/CloudKit.framework; sourceTree = SDKROOT; };
		09725B0426446C710006D410 /* CustomNavigationBar.swift */ = {isa = PBXFileReference; lastKnownFileType = sourcecode.swift; path = CustomNavigationBar.swift; sourceTree = "<group>"; };
		09725B08264470EE0006D410 /* MainScreen.swift */ = {isa = PBXFileReference; lastKnownFileType = sourcecode.swift; path = MainScreen.swift; sourceTree = "<group>"; };
		09725B1A264C5FE40006D410 /* FakeSearchBar.swift */ = {isa = PBXFileReference; lastKnownFileType = sourcecode.swift; path = FakeSearchBar.swift; sourceTree = "<group>"; };
		09725B1C264C60BC0006D410 /* ItemCommentView.swift */ = {isa = PBXFileReference; lastKnownFileType = sourcecode.swift; path = ItemCommentView.swift; sourceTree = "<group>"; };
		09725B1E264C63510006D410 /* ListPerItemsView.swift */ = {isa = PBXFileReference; lastKnownFileType = sourcecode.swift; path = ListPerItemsView.swift; sourceTree = "<group>"; };
		09725B222652DCAD0006D410 /* ListByCategoryView.swift */ = {isa = PBXFileReference; lastKnownFileType = sourcecode.swift; path = ListByCategoryView.swift; sourceTree = "<group>"; };
		09725B2E2656E0000006D410 /* DefaultLS.png */ = {isa = PBXFileReference; lastKnownFileType = image.png; path = DefaultLS.png; sourceTree = "<group>"; };
		0977040D2728C62400232F9D /* CKOwnerModel.swift */ = {isa = PBXFileReference; lastKnownFileType = sourcecode.swift; path = CKOwnerModel.swift; sourceTree = "<group>"; };
		0977040F2728C63800232F9D /* OwnerModel.swift */ = {isa = PBXFileReference; lastKnownFileType = sourcecode.swift; path = OwnerModel.swift; sourceTree = "<group>"; };
		097704112728C80800232F9D /* OwnerModelConverter.swift */ = {isa = PBXFileReference; lastKnownFileType = sourcecode.swift; path = OwnerModelConverter.swift; sourceTree = "<group>"; };
		09BE3B9D265C228900F5E7C5 /* SplashView.swift */ = {isa = PBXFileReference; lastKnownFileType = sourcecode.swift; path = SplashView.swift; sourceTree = "<group>"; };
		1B325E2026545176001A0F28 /* LaunchScreen.storyboard */ = {isa = PBXFileReference; lastKnownFileType = file.storyboard; path = LaunchScreen.storyboard; sourceTree = "<group>"; };
		1B32EF0E26600AA1006AE70B /* NoItemsView.swift */ = {isa = PBXFileReference; lastKnownFileType = sourcecode.swift; path = NoItemsView.swift; sourceTree = "<group>"; };
		1B32EF1326600B4F006AE70B /* cestinha-v2.json */ = {isa = PBXFileReference; fileEncoding = 4; lastKnownFileType = text.json; path = "cestinha-v2.json"; sourceTree = "<group>"; };
		1B32EF1826600B78006AE70B /* CestinhaView.swift */ = {isa = PBXFileReference; lastKnownFileType = sourcecode.swift; path = CestinhaView.swift; sourceTree = "<group>"; };
		1B43E5AD264B0F61002C6D64 /* MainView.swift */ = {isa = PBXFileReference; lastKnownFileType = sourcecode.swift; path = MainView.swift; sourceTree = "<group>"; };
		1B43E5B2264B13BE002C6D64 /* DropViewDelegate.swift */ = {isa = PBXFileReference; lastKnownFileType = sourcecode.swift; path = DropViewDelegate.swift; sourceTree = "<group>"; };
		1B4678B326447F850014B288 /* AddNewItemView.swift */ = {isa = PBXFileReference; lastKnownFileType = sourcecode.swift; path = AddNewItemView.swift; sourceTree = "<group>"; };
		1B4678B926447FC40014B288 /* SeachBar.swift */ = {isa = PBXFileReference; lastKnownFileType = sourcecode.swift; path = SeachBar.swift; sourceTree = "<group>"; };
		1B60EC892719E9F500046FE9 /* UserModel.swift */ = {isa = PBXFileReference; lastKnownFileType = sourcecode.swift; path = UserModel.swift; sourceTree = "<group>"; };
		1B60EC8B2719EB6000046FE9 /* UserModelConverter.swift */ = {isa = PBXFileReference; lastKnownFileType = sourcecode.swift; path = UserModelConverter.swift; sourceTree = "<group>"; };
		1B60EC8D271A020300046FE9 /* ProductModelConverter.swift */ = {isa = PBXFileReference; lastKnownFileType = sourcecode.swift; path = ProductModelConverter.swift; sourceTree = "<group>"; };
		1B60EC8F271DE7D000046FE9 /* AddCollaboratorSheetView.swift */ = {isa = PBXFileReference; lastKnownFileType = sourcecode.swift; path = AddCollaboratorSheetView.swift; sourceTree = "<group>"; };
		1B93E8F0270F901500AA89B6 /* ItemModelConverter.swift */ = {isa = PBXFileReference; lastKnownFileType = sourcecode.swift; path = ItemModelConverter.swift; sourceTree = "<group>"; };
		1BE5B6E3270E126A00338A02 /* ListModelConverter.swift */ = {isa = PBXFileReference; lastKnownFileType = sourcecode.swift; path = ListModelConverter.swift; sourceTree = "<group>"; };
		1BFA5F9E263C72900030AE03 /* Superlista.app */ = {isa = PBXFileReference; explicitFileType = wrapper.application; includeInIndex = 0; path = Superlista.app; sourceTree = BUILT_PRODUCTS_DIR; };
		1BFA5FA1263C72900030AE03 /* SuperlistaApp.swift */ = {isa = PBXFileReference; lastKnownFileType = sourcecode.swift; path = SuperlistaApp.swift; sourceTree = "<group>"; };
		1BFA5FA3263C72900030AE03 /* ProductListView.swift */ = {isa = PBXFileReference; lastKnownFileType = sourcecode.swift; path = ProductListView.swift; sourceTree = "<group>"; };
		1BFA5FA5263C72940030AE03 /* Assets.xcassets */ = {isa = PBXFileReference; lastKnownFileType = folder.assetcatalog; path = Assets.xcassets; sourceTree = "<group>"; };
		1BFA5FA8263C72940030AE03 /* Preview Assets.xcassets */ = {isa = PBXFileReference; lastKnownFileType = folder.assetcatalog; path = "Preview Assets.xcassets"; sourceTree = "<group>"; };
		1BFA5FAA263C72940030AE03 /* Info.plist */ = {isa = PBXFileReference; lastKnownFileType = text.plist.xml; path = Info.plist; sourceTree = "<group>"; };
		1BFA5FAF263C72940030AE03 /* SuperlistaTests.xctest */ = {isa = PBXFileReference; explicitFileType = wrapper.cfbundle; includeInIndex = 0; path = SuperlistaTests.xctest; sourceTree = BUILT_PRODUCTS_DIR; };
		1BFA5FBA263C72940030AE03 /* SuperlistaUITests.xctest */ = {isa = PBXFileReference; explicitFileType = wrapper.cfbundle; includeInIndex = 0; path = SuperlistaUITests.xctest; sourceTree = BUILT_PRODUCTS_DIR; };
		1BFA604E2641DAFB0030AE03 /* DataModel.swift */ = {isa = PBXFileReference; lastKnownFileType = sourcecode.swift; path = DataModel.swift; sourceTree = "<group>"; };
		1BFA60562641DB770030AE03 /* ProductModel.swift */ = {isa = PBXFileReference; lastKnownFileType = sourcecode.swift; path = ProductModel.swift; sourceTree = "<group>"; };
		1BFA60672641DE9B0030AE03 /* productList.json */ = {isa = PBXFileReference; fileEncoding = 4; lastKnownFileType = text.json; path = productList.json; sourceTree = "<group>"; };
		382E7F5527189A9500EE4E5D /* NetworkMonitor.swift */ = {isa = PBXFileReference; lastKnownFileType = sourcecode.swift; path = NetworkMonitor.swift; sourceTree = "<group>"; };
		382E7F59271DEF4600EE4E5D /* UserArrays.swift */ = {isa = PBXFileReference; lastKnownFileType = sourcecode.swift; path = UserArrays.swift; sourceTree = "<group>"; };
		382E7F67271E0EA600EE4E5D /* pt-BR */ = {isa = PBXFileReference; lastKnownFileType = text.plist.strings; name = "pt-BR"; path = "pt-BR.lproj/Localizable.strings"; sourceTree = "<group>"; };
		382E7F69271E0EAA00EE4E5D /* de */ = {isa = PBXFileReference; lastKnownFileType = text.plist.strings; name = de; path = de.lproj/Localizable.strings; sourceTree = "<group>"; };
		382E7F6A271E0EAB00EE4E5D /* en */ = {isa = PBXFileReference; lastKnownFileType = text.plist.strings; name = en; path = en.lproj/Localizable.strings; sourceTree = "<group>"; };
		389B80CB271F5D2C00ADCBE1 /* Wave.swift */ = {isa = PBXFileReference; lastKnownFileType = sourcecode.swift; path = Wave.swift; sourceTree = "<group>"; };
		389B80CF271F61DE00ADCBE1 /* SettingsView.swift */ = {isa = PBXFileReference; lastKnownFileType = sourcecode.swift; path = SettingsView.swift; sourceTree = "<group>"; };
		389B80D2271F7C5700ADCBE1 /* ProfilePicture.swift */ = {isa = PBXFileReference; lastKnownFileType = sourcecode.swift; path = ProfilePicture.swift; sourceTree = "<group>"; };
		389B80D4271F7C8300ADCBE1 /* SettingLabel.swift */ = {isa = PBXFileReference; lastKnownFileType = sourcecode.swift; path = SettingLabel.swift; sourceTree = "<group>"; };
		389B80D6271F7DB300ADCBE1 /* ImagePicker.swift */ = {isa = PBXFileReference; lastKnownFileType = sourcecode.swift; path = ImagePicker.swift; sourceTree = "<group>"; };
		389B80DC271F848300ADCBE1 /* ProfileHeader.swift */ = {isa = PBXFileReference; lastKnownFileType = sourcecode.swift; path = ProfileHeader.swift; sourceTree = "<group>"; };
		389B80DF2720AEFB00ADCBE1 /* EditProfileView.swift */ = {isa = PBXFileReference; lastKnownFileType = sourcecode.swift; path = EditProfileView.swift; sourceTree = "<group>"; };
		890913812649BC8100C619A3 /* DataService.swift */ = {isa = PBXFileReference; lastKnownFileType = sourcecode.swift; path = DataService.swift; sourceTree = "<group>"; };
		890913832649BCCA00C619A3 /* ListModel.swift */ = {isa = PBXFileReference; lastKnownFileType = sourcecode.swift; path = ListModel.swift; sourceTree = "<group>"; };
		890DB3A0273ACDB900575246 /* productList_en.json */ = {isa = PBXFileReference; fileEncoding = 4; lastKnownFileType = text.json; path = productList_en.json; sourceTree = "<group>"; };
		892774002729ECDC00C19B70 /* UDService.swift */ = {isa = PBXFileReference; lastKnownFileType = sourcecode.swift; path = UDService.swift; sourceTree = "<group>"; };
		89398DD927232F7000C395E5 /* OnboardingView.swift */ = {isa = PBXFileReference; lastKnownFileType = sourcecode.swift; path = OnboardingView.swift; sourceTree = "<group>"; };
		89398DE2272342B000C395E5 /* OnboardingFieldsView.swift */ = {isa = PBXFileReference; lastKnownFileType = sourcecode.swift; path = OnboardingFieldsView.swift; sourceTree = "<group>"; };
		89398DE4272344EF00C395E5 /* MediumButtonStyle.swift */ = {isa = PBXFileReference; lastKnownFileType = sourcecode.swift; path = MediumButtonStyle.swift; sourceTree = "<group>"; };
		893BA2892654A84600A300DA /* CategoryModel.swift */ = {isa = PBXFileReference; lastKnownFileType = sourcecode.swift; path = CategoryModel.swift; sourceTree = "<group>"; };
		8948F8D3265325E000394EB6 /* ListHeader.swift */ = {isa = PBXFileReference; lastKnownFileType = sourcecode.swift; path = ListHeader.swift; sourceTree = "<group>"; };
		8980E9C92644AF91002A5073 /* ListView.swift */ = {isa = PBXFileReference; lastKnownFileType = sourcecode.swift; path = ListView.swift; sourceTree = "<group>"; };
		898D645A264316300019ABCE /* ProductListViewModel.swift */ = {isa = PBXFileReference; lastKnownFileType = sourcecode.swift; path = ProductListViewModel.swift; sourceTree = "<group>"; };
		898D6460264321CB0019ABCE /* ItemModel.swift */ = {isa = PBXFileReference; lastKnownFileType = sourcecode.swift; path = ItemModel.swift; sourceTree = "<group>"; };
		8998CA6C27331C61005569DC /* productList_de.json */ = {isa = PBXFileReference; fileEncoding = 4; lastKnownFileType = text.json; path = productList_de.json; sourceTree = "<group>"; };
		89C5B6D62726287200129A94 /* TextFieldStyle.swift */ = {isa = PBXFileReference; lastKnownFileType = sourcecode.swift; path = TextFieldStyle.swift; sourceTree = "<group>"; };
		89C5B6D827262C4700129A94 /* OnboardingPageModel.swift */ = {isa = PBXFileReference; lastKnownFileType = sourcecode.swift; path = OnboardingPageModel.swift; sourceTree = "<group>"; };
		89C5B6DA2726308F00129A94 /* UploadPictureButton.swift */ = {isa = PBXFileReference; lastKnownFileType = sourcecode.swift; path = UploadPictureButton.swift; sourceTree = "<group>"; };
		89D38E98271A065D0015DFAE /* CloudIntegration.swift */ = {isa = PBXFileReference; lastKnownFileType = sourcecode.swift; path = CloudIntegration.swift; sourceTree = "<group>"; };
/* End PBXFileReference section */

/* Begin PBXFrameworksBuildPhase section */
		1BFA5F9B263C72900030AE03 /* Frameworks */ = {
			isa = PBXFrameworksBuildPhase;
			buildActionMask = 2147483647;
			files = (
				1B32EF0A26600A41006AE70B /* Lottie in Frameworks */,
				0944BDED27079529006634B9 /* CloudKit.framework in Frameworks */,
			);
			runOnlyForDeploymentPostprocessing = 0;
		};
		1BFA5FAC263C72940030AE03 /* Frameworks */ = {
			isa = PBXFrameworksBuildPhase;
			buildActionMask = 2147483647;
			files = (
			);
			runOnlyForDeploymentPostprocessing = 0;
		};
		1BFA5FB7263C72940030AE03 /* Frameworks */ = {
			isa = PBXFrameworksBuildPhase;
			buildActionMask = 2147483647;
			files = (
			);
			runOnlyForDeploymentPostprocessing = 0;
		};
/* End PBXFrameworksBuildPhase section */

/* Begin PBXGroup section */
		0914B97A270B6B6F008E297F /* Service */ = {
			isa = PBXGroup;
			children = (
				890913812649BC8100C619A3 /* DataService.swift */,
				892774002729ECDC00C19B70 /* UDService.swift */,
				0914B985270CC7D2008E297F /* Helper.swift */,
				0914B97B270B6B90008E297F /* CKService.swift */,
				0914B987270E0C7B008E297F /* DeepLink.swift */,
				0914E8342718AAF9006E5DB8 /* CustomSource.swift */,
				382E7F59271DEF4600EE4E5D /* UserArrays.swift */,
			);
			path = Service;
			sourceTree = "<group>";
		};
		0914B97F270B7E55008E297F /* CKModels */ = {
			isa = PBXGroup;
			children = (
				0914B97D270B6CF8008E297F /* CKUserModel.swift */,
				0914B981270B8016008E297F /* CKListModel.swift */,
				0914B983270B84E8008E297F /* CKItemModel.swift */,
				0977040D2728C62400232F9D /* CKOwnerModel.swift */,
			);
			path = CKModels;
			sourceTree = "<group>";
		};
		0914B980270B7E7A008E297F /* LocalModels */ = {
			isa = PBXGroup;
			children = (
				1BFA604E2641DAFB0030AE03 /* DataModel.swift */,
				1BFA60562641DB770030AE03 /* ProductModel.swift */,
				898D6460264321CB0019ABCE /* ItemModel.swift */,
				890913832649BCCA00C619A3 /* ListModel.swift */,
				893BA2892654A84600A300DA /* CategoryModel.swift */,
				1B60EC892719E9F500046FE9 /* UserModel.swift */,
				0977040F2728C63800232F9D /* OwnerModel.swift */,
			);
			path = LocalModels;
			sourceTree = "<group>";
		};
		0944BDEB27079529006634B9 /* Frameworks */ = {
			isa = PBXGroup;
			children = (
				0944BDEC27079529006634B9 /* CloudKit.framework */,
			);
			name = Frameworks;
			sourceTree = "<group>";
		};
		1B4678B826447F8B0014B288 /* Components */ = {
			isa = PBXGroup;
			children = (
				389B80D6271F7DB300ADCBE1 /* ImagePicker.swift */,
				389B80D2271F7C5700ADCBE1 /* ProfilePicture.swift */,
				1B4678B926447FC40014B288 /* SeachBar.swift */,
				09725B1A264C5FE40006D410 /* FakeSearchBar.swift */,
				8948F8D3265325E000394EB6 /* ListHeader.swift */,
				389B80CB271F5D2C00ADCBE1 /* Wave.swift */,
				89398DE4272344EF00C395E5 /* MediumButtonStyle.swift */,
				89C5B6D62726287200129A94 /* TextFieldStyle.swift */,
				89C5B6DA2726308F00129A94 /* UploadPictureButton.swift */,
			);
			path = Components;
			sourceTree = "<group>";
		};
		1BE5B6E2270E11FF00338A02 /* BridgeModels */ = {
			isa = PBXGroup;
			children = (
				1BE5B6E3270E126A00338A02 /* ListModelConverter.swift */,
				1B93E8F0270F901500AA89B6 /* ItemModelConverter.swift */,
				1B60EC8B2719EB6000046FE9 /* UserModelConverter.swift */,
				1B60EC8D271A020300046FE9 /* ProductModelConverter.swift */,
				097704112728C80800232F9D /* OwnerModelConverter.swift */,
			);
			path = BridgeModels;
			sourceTree = "<group>";
		};
		1BFA5F95263C72900030AE03 = {
			isa = PBXGroup;
			children = (
				382E7F68271E0EA600EE4E5D /* Localizable.strings */,
				1BFA5FA0263C72900030AE03 /* Superlista */,
				1BFA5F9F263C72900030AE03 /* Products */,
				0944BDEB27079529006634B9 /* Frameworks */,
			);
			sourceTree = "<group>";
		};
		1BFA5F9F263C72900030AE03 /* Products */ = {
			isa = PBXGroup;
			children = (
				1BFA5F9E263C72900030AE03 /* Superlista.app */,
				1BFA5FAF263C72940030AE03 /* SuperlistaTests.xctest */,
				1BFA5FBA263C72940030AE03 /* SuperlistaUITests.xctest */,
			);
			name = Products;
			sourceTree = "<group>";
		};
		1BFA5FA0263C72900030AE03 /* Superlista */ = {
			isa = PBXGroup;
			children = (
				0914B97A270B6B6F008E297F /* Service */,
				0944BDEA270794F5006634B9 /* Superlista.entitlements */,
				1B4678B826447F8B0014B288 /* Components */,
				898D64572643155C0019ABCE /* ViewModels */,
				898D64282641E99B0019ABCE /* Views */,
				1BFA605B2641DBB30030AE03 /* resources */,
				1BFA604D2641DAEF0030AE03 /* Models */,
				1BFA5FA1263C72900030AE03 /* SuperlistaApp.swift */,
				1BFA5FA5263C72940030AE03 /* Assets.xcassets */,
				1BFA5FAA263C72940030AE03 /* Info.plist */,
				1BFA5FA7263C72940030AE03 /* Preview Content */,
			);
			path = Superlista;
			sourceTree = "<group>";
		};
		1BFA5FA7263C72940030AE03 /* Preview Content */ = {
			isa = PBXGroup;
			children = (
				1BFA5FA8263C72940030AE03 /* Preview Assets.xcassets */,
			);
			path = "Preview Content";
			sourceTree = "<group>";
		};
		1BFA604D2641DAEF0030AE03 /* Models */ = {
			isa = PBXGroup;
			children = (
				89D38E97271A06480015DFAE /* CloudIntegration */,
				1BE5B6E2270E11FF00338A02 /* BridgeModels */,
				0914B97F270B7E55008E297F /* CKModels */,
				0914B980270B7E7A008E297F /* LocalModels */,
			);
			path = Models;
			sourceTree = "<group>";
		};
		1BFA605B2641DBB30030AE03 /* resources */ = {
			isa = PBXGroup;
			children = (
				890DB3A0273ACDB900575246 /* productList_en.json */,
				8998CA6C27331C61005569DC /* productList_de.json */,
				09725B2E2656E0000006D410 /* DefaultLS.png */,
				1BFA60672641DE9B0030AE03 /* productList.json */,
				1B32EF1326600B4F006AE70B /* cestinha-v2.json */,
			);
			path = resources;
			sourceTree = "<group>";
		};
		389B80D1271F7C1E00ADCBE1 /* SettingsView */ = {
			isa = PBXGroup;
			children = (
				389B80CF271F61DE00ADCBE1 /* SettingsView.swift */,
				389B80D4271F7C8300ADCBE1 /* SettingLabel.swift */,
				389B80DC271F848300ADCBE1 /* ProfileHeader.swift */,
				389B80DF2720AEFB00ADCBE1 /* EditProfileView.swift */,
			);
			path = SettingsView;
			sourceTree = "<group>";
		};
		89398DDD272341E800C395E5 /* OnboardingView */ = {
			isa = PBXGroup;
			children = (
				89398DD927232F7000C395E5 /* OnboardingView.swift */,
				89398DE2272342B000C395E5 /* OnboardingFieldsView.swift */,
				89C5B6D827262C4700129A94 /* OnboardingPageModel.swift */,
			);
			path = OnboardingView;
			sourceTree = "<group>";
		};
		898D64282641E99B0019ABCE /* Views */ = {
			isa = PBXGroup;
			children = (
				89398DDD272341E800C395E5 /* OnboardingView */,
				389B80D1271F7C1E00ADCBE1 /* SettingsView */,
				1BFA5FA3263C72900030AE03 /* ProductListView.swift */,
				8980E9C92644AF91002A5073 /* ListView.swift */,
				09725B0426446C710006D410 /* CustomNavigationBar.swift */,
				09725B08264470EE0006D410 /* MainScreen.swift */,
				1B4678B326447F850014B288 /* AddNewItemView.swift */,
				1B43E5AD264B0F61002C6D64 /* MainView.swift */,
				09725B1C264C60BC0006D410 /* ItemCommentView.swift */,
				09725B1E264C63510006D410 /* ListPerItemsView.swift */,
				09725B222652DCAD0006D410 /* ListByCategoryView.swift */,
				1B325E2026545176001A0F28 /* LaunchScreen.storyboard */,
				09BE3B9D265C228900F5E7C5 /* SplashView.swift */,
				1B32EF0E26600AA1006AE70B /* NoItemsView.swift */,
				1B32EF1826600B78006AE70B /* CestinhaView.swift */,
				382E7F5527189A9500EE4E5D /* NetworkMonitor.swift */,
				1B60EC8F271DE7D000046FE9 /* AddCollaboratorSheetView.swift */,
			);
			path = Views;
			sourceTree = "<group>";
		};
		898D64572643155C0019ABCE /* ViewModels */ = {
			isa = PBXGroup;
			children = (
				898D645A264316300019ABCE /* ProductListViewModel.swift */,
				1B43E5B2264B13BE002C6D64 /* DropViewDelegate.swift */,
			);
			path = ViewModels;
			sourceTree = "<group>";
		};
		89D38E97271A06480015DFAE /* CloudIntegration */ = {
			isa = PBXGroup;
			children = (
				89D38E98271A065D0015DFAE /* CloudIntegration.swift */,
			);
			path = CloudIntegration;
			sourceTree = "<group>";
		};
/* End PBXGroup section */

/* Begin PBXNativeTarget section */
		1BFA5F9D263C72900030AE03 /* Superlista */ = {
			isa = PBXNativeTarget;
			buildConfigurationList = 1BFA5FC3263C72940030AE03 /* Build configuration list for PBXNativeTarget "Superlista" */;
			buildPhases = (
				1BFA5F9A263C72900030AE03 /* Sources */,
				1BFA5F9B263C72900030AE03 /* Frameworks */,
				1BFA5F9C263C72900030AE03 /* Resources */,
			);
			buildRules = (
			);
			dependencies = (
			);
			name = Superlista;
			packageProductDependencies = (
				1B32EF0926600A41006AE70B /* Lottie */,
			);
			productName = Superlista;
			productReference = 1BFA5F9E263C72900030AE03 /* Superlista.app */;
			productType = "com.apple.product-type.application";
		};
		1BFA5FAE263C72940030AE03 /* SuperlistaTests */ = {
			isa = PBXNativeTarget;
			buildConfigurationList = 1BFA5FC6263C72940030AE03 /* Build configuration list for PBXNativeTarget "SuperlistaTests" */;
			buildPhases = (
				1BFA5FAB263C72940030AE03 /* Sources */,
				1BFA5FAC263C72940030AE03 /* Frameworks */,
				1BFA5FAD263C72940030AE03 /* Resources */,
			);
			buildRules = (
			);
			dependencies = (
				1BFA5FB1263C72940030AE03 /* PBXTargetDependency */,
			);
			name = SuperlistaTests;
			productName = SuperlistaTests;
			productReference = 1BFA5FAF263C72940030AE03 /* SuperlistaTests.xctest */;
			productType = "com.apple.product-type.bundle.unit-test";
		};
		1BFA5FB9263C72940030AE03 /* SuperlistaUITests */ = {
			isa = PBXNativeTarget;
			buildConfigurationList = 1BFA5FC9263C72940030AE03 /* Build configuration list for PBXNativeTarget "SuperlistaUITests" */;
			buildPhases = (
				1BFA5FB6263C72940030AE03 /* Sources */,
				1BFA5FB7263C72940030AE03 /* Frameworks */,
				1BFA5FB8263C72940030AE03 /* Resources */,
			);
			buildRules = (
			);
			dependencies = (
				1BFA5FBC263C72940030AE03 /* PBXTargetDependency */,
			);
			name = SuperlistaUITests;
			productName = SuperlistaUITests;
			productReference = 1BFA5FBA263C72940030AE03 /* SuperlistaUITests.xctest */;
			productType = "com.apple.product-type.bundle.ui-testing";
		};
/* End PBXNativeTarget section */

/* Begin PBXProject section */
		1BFA5F96263C72900030AE03 /* Project object */ = {
			isa = PBXProject;
			attributes = {
				LastSwiftUpdateCheck = 1240;
				LastUpgradeCheck = 1240;
				TargetAttributes = {
					1BFA5F9D263C72900030AE03 = {
						CreatedOnToolsVersion = 12.4;
					};
					1BFA5FAE263C72940030AE03 = {
						CreatedOnToolsVersion = 12.4;
						TestTargetID = 1BFA5F9D263C72900030AE03;
					};
					1BFA5FB9263C72940030AE03 = {
						CreatedOnToolsVersion = 12.4;
						TestTargetID = 1BFA5F9D263C72900030AE03;
					};
				};
			};
			buildConfigurationList = 1BFA5F99263C72900030AE03 /* Build configuration list for PBXProject "Superlista" */;
			compatibilityVersion = "Xcode 9.3";
			developmentRegion = en;
			hasScannedForEncodings = 0;
			knownRegions = (
				en,
				Base,
				"pt-BR",
				de,
			);
			mainGroup = 1BFA5F95263C72900030AE03;
			packageReferences = (
				1B32EF0826600A41006AE70B /* XCRemoteSwiftPackageReference "lottie-ios" */,
			);
			productRefGroup = 1BFA5F9F263C72900030AE03 /* Products */;
			projectDirPath = "";
			projectRoot = "";
			targets = (
				1BFA5F9D263C72900030AE03 /* Superlista */,
				1BFA5FAE263C72940030AE03 /* SuperlistaTests */,
				1BFA5FB9263C72940030AE03 /* SuperlistaUITests */,
			);
		};
/* End PBXProject section */

/* Begin PBXResourcesBuildPhase section */
		1BFA5F9C263C72900030AE03 /* Resources */ = {
			isa = PBXResourcesBuildPhase;
			buildActionMask = 2147483647;
			files = (
				8998CA6D27331C61005569DC /* productList_de.json in Resources */,
				09725B2F2656E0000006D410 /* DefaultLS.png in Resources */,
				1BFA60682641DE9B0030AE03 /* productList.json in Resources */,
				890DB3A1273ACDB900575246 /* productList_en.json in Resources */,
				1B32EF1426600B4F006AE70B /* cestinha-v2.json in Resources */,
				382E7F66271E0EA600EE4E5D /* Localizable.strings in Resources */,
				1B325E2126545176001A0F28 /* LaunchScreen.storyboard in Resources */,
				1BFA5FA9263C72940030AE03 /* Preview Assets.xcassets in Resources */,
				1BFA5FA6263C72940030AE03 /* Assets.xcassets in Resources */,
			);
			runOnlyForDeploymentPostprocessing = 0;
		};
		1BFA5FAD263C72940030AE03 /* Resources */ = {
			isa = PBXResourcesBuildPhase;
			buildActionMask = 2147483647;
			files = (
			);
			runOnlyForDeploymentPostprocessing = 0;
		};
		1BFA5FB8263C72940030AE03 /* Resources */ = {
			isa = PBXResourcesBuildPhase;
			buildActionMask = 2147483647;
			files = (
			);
			runOnlyForDeploymentPostprocessing = 0;
		};
/* End PBXResourcesBuildPhase section */

/* Begin PBXSourcesBuildPhase section */
		1BFA5F9A263C72900030AE03 /* Sources */ = {
			isa = PBXSourcesBuildPhase;
			buildActionMask = 2147483647;
			files = (
				09725B1B264C5FE40006D410 /* FakeSearchBar.swift in Sources */,
				09725B0526446C710006D410 /* CustomNavigationBar.swift in Sources */,
				389B80D5271F7C8300ADCBE1 /* SettingLabel.swift in Sources */,
				1BFA60572641DB770030AE03 /* ProductModel.swift in Sources */,
				1BFA5FA4263C72900030AE03 /* ProductListView.swift in Sources */,
				898D6461264321CB0019ABCE /* ItemModel.swift in Sources */,
				09BE3B9E265C228900F5E7C5 /* SplashView.swift in Sources */,
				389B80D3271F7C5700ADCBE1 /* ProfilePicture.swift in Sources */,
				8980E9CA2644AF91002A5073 /* ListView.swift in Sources */,
				89C5B6D72726287200129A94 /* TextFieldStyle.swift in Sources */,
				0977040E2728C62500232F9D /* CKOwnerModel.swift in Sources */,
				892774012729ECDC00C19B70 /* UDService.swift in Sources */,
				1B93E8F1270F901500AA89B6 /* ItemModelConverter.swift in Sources */,
				1B60EC90271DE7D000046FE9 /* AddCollaboratorSheetView.swift in Sources */,
				1B43E5AE264B0F61002C6D64 /* MainView.swift in Sources */,
				389B80D7271F7DB300ADCBE1 /* ImagePicker.swift in Sources */,
				389B80DD271F848300ADCBE1 /* ProfileHeader.swift in Sources */,
				09725B09264470EE0006D410 /* MainScreen.swift in Sources */,
				389B80D0271F61DE00ADCBE1 /* SettingsView.swift in Sources */,
				89C5B6DB2726308F00129A94 /* UploadPictureButton.swift in Sources */,
				1B4678BA26447FC40014B288 /* SeachBar.swift in Sources */,
				09725B1F264C63510006D410 /* ListPerItemsView.swift in Sources */,
				893BA28A2654A84600A300DA /* CategoryModel.swift in Sources */,
				09725B232652DCAD0006D410 /* ListByCategoryView.swift in Sources */,
				097704102728C63800232F9D /* OwnerModel.swift in Sources */,
				0914B984270B84E8008E297F /* CKItemModel.swift in Sources */,
				1B60EC8A2719E9F500046FE9 /* UserModel.swift in Sources */,
				89398DDA27232F7000C395E5 /* OnboardingView.swift in Sources */,
				389B80CC271F5D2C00ADCBE1 /* Wave.swift in Sources */,
				382E7F5A271DEF4600EE4E5D /* UserArrays.swift in Sources */,
				1B60EC8C2719EB6000046FE9 /* UserModelConverter.swift in Sources */,
				1B4678B426447F850014B288 /* AddNewItemView.swift in Sources */,
				1BFA5FA2263C72900030AE03 /* SuperlistaApp.swift in Sources */,
				8948F8D4265325E000394EB6 /* ListHeader.swift in Sources */,
				89D38E99271A065D0015DFAE /* CloudIntegration.swift in Sources */,
				1BFA604F2641DAFB0030AE03 /* DataModel.swift in Sources */,
				89C5B6D927262C4700129A94 /* OnboardingPageModel.swift in Sources */,
				0914B986270CC7D2008E297F /* Helper.swift in Sources */,
				0914B97C270B6B90008E297F /* CKService.swift in Sources */,
				1B32EF1926600B78006AE70B /* CestinhaView.swift in Sources */,
				1B43E5B3264B13BE002C6D64 /* DropViewDelegate.swift in Sources */,
				0914B982270B8016008E297F /* CKListModel.swift in Sources */,
				898D645B264316300019ABCE /* ProductListViewModel.swift in Sources */,
				1BE5B6E4270E126A00338A02 /* ListModelConverter.swift in Sources */,
				097704122728C80800232F9D /* OwnerModelConverter.swift in Sources */,
				09725B1D264C60BC0006D410 /* ItemCommentView.swift in Sources */,
				389B80E02720AEFB00ADCBE1 /* EditProfileView.swift in Sources */,
				0914B97E270B6CF8008E297F /* CKUserModel.swift in Sources */,
				1B60EC8E271A020300046FE9 /* ProductModelConverter.swift in Sources */,
				890913822649BC8100C619A3 /* DataService.swift in Sources */,
				890913842649BCCA00C619A3 /* ListModel.swift in Sources */,
				1B32EF0F26600AA1006AE70B /* NoItemsView.swift in Sources */,
				0914B988270E0C7B008E297F /* DeepLink.swift in Sources */,
				89398DE3272342B000C395E5 /* OnboardingFieldsView.swift in Sources */,
				0914E8352718AAF9006E5DB8 /* CustomSource.swift in Sources */,
				382E7F5627189A9500EE4E5D /* NetworkMonitor.swift in Sources */,
				89398DE5272344EF00C395E5 /* MediumButtonStyle.swift in Sources */,
			);
			runOnlyForDeploymentPostprocessing = 0;
		};
		1BFA5FAB263C72940030AE03 /* Sources */ = {
			isa = PBXSourcesBuildPhase;
			buildActionMask = 2147483647;
			files = (
			);
			runOnlyForDeploymentPostprocessing = 0;
		};
		1BFA5FB6263C72940030AE03 /* Sources */ = {
			isa = PBXSourcesBuildPhase;
			buildActionMask = 2147483647;
			files = (
			);
			runOnlyForDeploymentPostprocessing = 0;
		};
/* End PBXSourcesBuildPhase section */

/* Begin PBXTargetDependency section */
		1BFA5FB1263C72940030AE03 /* PBXTargetDependency */ = {
			isa = PBXTargetDependency;
			target = 1BFA5F9D263C72900030AE03 /* Superlista */;
			targetProxy = 1BFA5FB0263C72940030AE03 /* PBXContainerItemProxy */;
		};
		1BFA5FBC263C72940030AE03 /* PBXTargetDependency */ = {
			isa = PBXTargetDependency;
			target = 1BFA5F9D263C72900030AE03 /* Superlista */;
			targetProxy = 1BFA5FBB263C72940030AE03 /* PBXContainerItemProxy */;
		};
/* End PBXTargetDependency section */

/* Begin PBXVariantGroup section */
		382E7F68271E0EA600EE4E5D /* Localizable.strings */ = {
			isa = PBXVariantGroup;
			children = (
				382E7F67271E0EA600EE4E5D /* pt-BR */,
				382E7F69271E0EAA00EE4E5D /* de */,
				382E7F6A271E0EAB00EE4E5D /* en */,
			);
			name = Localizable.strings;
			sourceTree = "<group>";
		};
/* End PBXVariantGroup section */

/* Begin XCBuildConfiguration section */
		1BFA5FC1263C72940030AE03 /* Debug */ = {
			isa = XCBuildConfiguration;
			buildSettings = {
				ALWAYS_SEARCH_USER_PATHS = NO;
				CLANG_ANALYZER_LOCALIZABILITY_NONLOCALIZED = YES;
				CLANG_ANALYZER_NONNULL = YES;
				CLANG_ANALYZER_NUMBER_OBJECT_CONVERSION = YES_AGGRESSIVE;
				CLANG_CXX_LANGUAGE_STANDARD = "gnu++14";
				CLANG_CXX_LIBRARY = "libc++";
				CLANG_ENABLE_MODULES = YES;
				CLANG_ENABLE_OBJC_ARC = YES;
				CLANG_ENABLE_OBJC_WEAK = YES;
				CLANG_WARN_BLOCK_CAPTURE_AUTORELEASING = YES;
				CLANG_WARN_BOOL_CONVERSION = YES;
				CLANG_WARN_COMMA = YES;
				CLANG_WARN_CONSTANT_CONVERSION = YES;
				CLANG_WARN_DEPRECATED_OBJC_IMPLEMENTATIONS = YES;
				CLANG_WARN_DIRECT_OBJC_ISA_USAGE = YES_ERROR;
				CLANG_WARN_DOCUMENTATION_COMMENTS = YES;
				CLANG_WARN_EMPTY_BODY = YES;
				CLANG_WARN_ENUM_CONVERSION = YES;
				CLANG_WARN_INFINITE_RECURSION = YES;
				CLANG_WARN_INT_CONVERSION = YES;
				CLANG_WARN_NON_LITERAL_NULL_CONVERSION = YES;
				CLANG_WARN_OBJC_IMPLICIT_RETAIN_SELF = YES;
				CLANG_WARN_OBJC_LITERAL_CONVERSION = YES;
				CLANG_WARN_OBJC_ROOT_CLASS = YES_ERROR;
				CLANG_WARN_QUOTED_INCLUDE_IN_FRAMEWORK_HEADER = YES;
				CLANG_WARN_RANGE_LOOP_ANALYSIS = YES;
				CLANG_WARN_STRICT_PROTOTYPES = YES;
				CLANG_WARN_SUSPICIOUS_MOVE = YES;
				CLANG_WARN_UNGUARDED_AVAILABILITY = YES_AGGRESSIVE;
				CLANG_WARN_UNREACHABLE_CODE = YES;
				CLANG_WARN__DUPLICATE_METHOD_MATCH = YES;
				COPY_PHASE_STRIP = NO;
				DEBUG_INFORMATION_FORMAT = dwarf;
				ENABLE_STRICT_OBJC_MSGSEND = YES;
				ENABLE_TESTABILITY = YES;
				GCC_C_LANGUAGE_STANDARD = gnu11;
				GCC_DYNAMIC_NO_PIC = NO;
				GCC_NO_COMMON_BLOCKS = YES;
				GCC_OPTIMIZATION_LEVEL = 0;
				GCC_PREPROCESSOR_DEFINITIONS = (
					"DEBUG=1",
					"$(inherited)",
				);
				GCC_WARN_64_TO_32_BIT_CONVERSION = YES;
				GCC_WARN_ABOUT_RETURN_TYPE = YES_ERROR;
				GCC_WARN_UNDECLARED_SELECTOR = YES;
				GCC_WARN_UNINITIALIZED_AUTOS = YES_AGGRESSIVE;
				GCC_WARN_UNUSED_FUNCTION = YES;
				GCC_WARN_UNUSED_VARIABLE = YES;
				IPHONEOS_DEPLOYMENT_TARGET = 13.0;
				MTL_ENABLE_DEBUG_INFO = INCLUDE_SOURCE;
				MTL_FAST_MATH = YES;
				ONLY_ACTIVE_ARCH = YES;
				SDKROOT = iphoneos;
				SWIFT_ACTIVE_COMPILATION_CONDITIONS = DEBUG;
				SWIFT_OPTIMIZATION_LEVEL = "-Onone";
			};
			name = Debug;
		};
		1BFA5FC2263C72940030AE03 /* Release */ = {
			isa = XCBuildConfiguration;
			buildSettings = {
				ALWAYS_SEARCH_USER_PATHS = NO;
				CLANG_ANALYZER_LOCALIZABILITY_NONLOCALIZED = YES;
				CLANG_ANALYZER_NONNULL = YES;
				CLANG_ANALYZER_NUMBER_OBJECT_CONVERSION = YES_AGGRESSIVE;
				CLANG_CXX_LANGUAGE_STANDARD = "gnu++14";
				CLANG_CXX_LIBRARY = "libc++";
				CLANG_ENABLE_MODULES = YES;
				CLANG_ENABLE_OBJC_ARC = YES;
				CLANG_ENABLE_OBJC_WEAK = YES;
				CLANG_WARN_BLOCK_CAPTURE_AUTORELEASING = YES;
				CLANG_WARN_BOOL_CONVERSION = YES;
				CLANG_WARN_COMMA = YES;
				CLANG_WARN_CONSTANT_CONVERSION = YES;
				CLANG_WARN_DEPRECATED_OBJC_IMPLEMENTATIONS = YES;
				CLANG_WARN_DIRECT_OBJC_ISA_USAGE = YES_ERROR;
				CLANG_WARN_DOCUMENTATION_COMMENTS = YES;
				CLANG_WARN_EMPTY_BODY = YES;
				CLANG_WARN_ENUM_CONVERSION = YES;
				CLANG_WARN_INFINITE_RECURSION = YES;
				CLANG_WARN_INT_CONVERSION = YES;
				CLANG_WARN_NON_LITERAL_NULL_CONVERSION = YES;
				CLANG_WARN_OBJC_IMPLICIT_RETAIN_SELF = YES;
				CLANG_WARN_OBJC_LITERAL_CONVERSION = YES;
				CLANG_WARN_OBJC_ROOT_CLASS = YES_ERROR;
				CLANG_WARN_QUOTED_INCLUDE_IN_FRAMEWORK_HEADER = YES;
				CLANG_WARN_RANGE_LOOP_ANALYSIS = YES;
				CLANG_WARN_STRICT_PROTOTYPES = YES;
				CLANG_WARN_SUSPICIOUS_MOVE = YES;
				CLANG_WARN_UNGUARDED_AVAILABILITY = YES_AGGRESSIVE;
				CLANG_WARN_UNREACHABLE_CODE = YES;
				CLANG_WARN__DUPLICATE_METHOD_MATCH = YES;
				COPY_PHASE_STRIP = NO;
				DEBUG_INFORMATION_FORMAT = "dwarf-with-dsym";
				ENABLE_NS_ASSERTIONS = NO;
				ENABLE_STRICT_OBJC_MSGSEND = YES;
				GCC_C_LANGUAGE_STANDARD = gnu11;
				GCC_NO_COMMON_BLOCKS = YES;
				GCC_WARN_64_TO_32_BIT_CONVERSION = YES;
				GCC_WARN_ABOUT_RETURN_TYPE = YES_ERROR;
				GCC_WARN_UNDECLARED_SELECTOR = YES;
				GCC_WARN_UNINITIALIZED_AUTOS = YES_AGGRESSIVE;
				GCC_WARN_UNUSED_FUNCTION = YES;
				GCC_WARN_UNUSED_VARIABLE = YES;
				IPHONEOS_DEPLOYMENT_TARGET = 13.0;
				MTL_ENABLE_DEBUG_INFO = NO;
				MTL_FAST_MATH = YES;
				SDKROOT = iphoneos;
				SWIFT_COMPILATION_MODE = wholemodule;
				SWIFT_OPTIMIZATION_LEVEL = "-O";
				VALIDATE_PRODUCT = YES;
			};
			name = Release;
		};
		1BFA5FC4263C72940030AE03 /* Debug */ = {
			isa = XCBuildConfiguration;
			buildSettings = {
				ASSETCATALOG_COMPILER_APPICON_NAME = AppIcon;
				ASSETCATALOG_COMPILER_GLOBAL_ACCENT_COLOR_NAME = AccentColor;
				CODE_SIGN_ENTITLEMENTS = Superlista/Superlista.entitlements;
				CODE_SIGN_IDENTITY = "iPhone Developer";
				CODE_SIGN_STYLE = Manual;
				CURRENT_PROJECT_VERSION = 2;
				DEVELOPMENT_ASSET_PATHS = "\"Superlista/Preview Content\"";
				DEVELOPMENT_TEAM = 4A7DB99C3F;
				ENABLE_PREVIEWS = YES;
				INFOPLIST_FILE = Superlista/Info.plist;
				IPHONEOS_DEPLOYMENT_TARGET = 14.0;
				LD_RUNPATH_SEARCH_PATHS = (
					"$(inherited)",
					"@executable_path/Frameworks",
				);
				MARKETING_VERSION = 1.0.0;
				PRODUCT_BUNDLE_IDENTIFIER = com.bglmt.EasyRancho;
				PRODUCT_NAME = "$(TARGET_NAME)";
				PROVISIONING_PROFILE_SPECIFIER = EasyRanchoDev;
				SWIFT_VERSION = 5.0;
				TARGETED_DEVICE_FAMILY = 1;
			};
			name = Debug;
		};
		1BFA5FC5263C72940030AE03 /* Release */ = {
			isa = XCBuildConfiguration;
			buildSettings = {
				ASSETCATALOG_COMPILER_APPICON_NAME = AppIcon;
				ASSETCATALOG_COMPILER_GLOBAL_ACCENT_COLOR_NAME = AccentColor;
				CODE_SIGN_ENTITLEMENTS = Superlista/Superlista.entitlements;
				CODE_SIGN_IDENTITY = "iPhone Developer";
				CODE_SIGN_STYLE = Manual;
				CURRENT_PROJECT_VERSION = 2;
				DEVELOPMENT_ASSET_PATHS = "\"Superlista/Preview Content\"";
				DEVELOPMENT_TEAM = 4A7DB99C3F;
				ENABLE_PREVIEWS = YES;
				INFOPLIST_FILE = Superlista/Info.plist;
				IPHONEOS_DEPLOYMENT_TARGET = 14.0;
				LD_RUNPATH_SEARCH_PATHS = (
					"$(inherited)",
					"@executable_path/Frameworks",
				);
				MARKETING_VERSION = 1.0.0;
				PRODUCT_BUNDLE_IDENTIFIER = com.bglmt.EasyRancho;
				PRODUCT_NAME = "$(TARGET_NAME)";
				PROVISIONING_PROFILE_SPECIFIER = EasyRanchoDev;
				SWIFT_VERSION = 5.0;
				TARGETED_DEVICE_FAMILY = 1;
			};
			name = Release;
		};
		1BFA5FC7263C72940030AE03 /* Debug */ = {
			isa = XCBuildConfiguration;
			buildSettings = {
				ALWAYS_EMBED_SWIFT_STANDARD_LIBRARIES = YES;
				BUNDLE_LOADER = "$(TEST_HOST)";
				CODE_SIGN_STYLE = Automatic;
				DEVELOPMENT_TEAM = YM283LC5H4;
				INFOPLIST_FILE = SuperlistaTests/Info.plist;
				IPHONEOS_DEPLOYMENT_TARGET = 14.0;
				LD_RUNPATH_SEARCH_PATHS = (
					"$(inherited)",
					"@executable_path/Frameworks",
					"@loader_path/Frameworks",
				);
				PRODUCT_BUNDLE_IDENTIFIER = com.pazzi.marina.SuperlistaTests;
				PRODUCT_NAME = "$(TARGET_NAME)";
				SWIFT_VERSION = 5.0;
				TARGETED_DEVICE_FAMILY = "1,2";
				TEST_HOST = "$(BUILT_PRODUCTS_DIR)/Superlista.app/Superlista";
			};
			name = Debug;
		};
		1BFA5FC8263C72940030AE03 /* Release */ = {
			isa = XCBuildConfiguration;
			buildSettings = {
				ALWAYS_EMBED_SWIFT_STANDARD_LIBRARIES = YES;
				BUNDLE_LOADER = "$(TEST_HOST)";
				CODE_SIGN_STYLE = Automatic;
				DEVELOPMENT_TEAM = YM283LC5H4;
				INFOPLIST_FILE = SuperlistaTests/Info.plist;
				IPHONEOS_DEPLOYMENT_TARGET = 14.0;
				LD_RUNPATH_SEARCH_PATHS = (
					"$(inherited)",
					"@executable_path/Frameworks",
					"@loader_path/Frameworks",
				);
				PRODUCT_BUNDLE_IDENTIFIER = com.pazzi.marina.SuperlistaTests;
				PRODUCT_NAME = "$(TARGET_NAME)";
				SWIFT_VERSION = 5.0;
				TARGETED_DEVICE_FAMILY = "1,2";
				TEST_HOST = "$(BUILT_PRODUCTS_DIR)/Superlista.app/Superlista";
			};
			name = Release;
		};
		1BFA5FCA263C72940030AE03 /* Debug */ = {
			isa = XCBuildConfiguration;
			buildSettings = {
				ALWAYS_EMBED_SWIFT_STANDARD_LIBRARIES = YES;
				CODE_SIGN_STYLE = Automatic;
				DEVELOPMENT_TEAM = YM283LC5H4;
				INFOPLIST_FILE = SuperlistaUITests/Info.plist;
				LD_RUNPATH_SEARCH_PATHS = (
					"$(inherited)",
					"@executable_path/Frameworks",
					"@loader_path/Frameworks",
				);
				PRODUCT_BUNDLE_IDENTIFIER = com.pazzi.marina.SuperlistaUITests;
				PRODUCT_NAME = "$(TARGET_NAME)";
				SWIFT_VERSION = 5.0;
				TARGETED_DEVICE_FAMILY = "1,2";
				TEST_TARGET_NAME = Superlista;
			};
			name = Debug;
		};
		1BFA5FCB263C72940030AE03 /* Release */ = {
			isa = XCBuildConfiguration;
			buildSettings = {
				ALWAYS_EMBED_SWIFT_STANDARD_LIBRARIES = YES;
				CODE_SIGN_STYLE = Automatic;
				DEVELOPMENT_TEAM = YM283LC5H4;
				INFOPLIST_FILE = SuperlistaUITests/Info.plist;
				LD_RUNPATH_SEARCH_PATHS = (
					"$(inherited)",
					"@executable_path/Frameworks",
					"@loader_path/Frameworks",
				);
				PRODUCT_BUNDLE_IDENTIFIER = com.pazzi.marina.SuperlistaUITests;
				PRODUCT_NAME = "$(TARGET_NAME)";
				SWIFT_VERSION = 5.0;
				TARGETED_DEVICE_FAMILY = "1,2";
				TEST_TARGET_NAME = Superlista;
			};
			name = Release;
		};
/* End XCBuildConfiguration section */

/* Begin XCConfigurationList section */
		1BFA5F99263C72900030AE03 /* Build configuration list for PBXProject "Superlista" */ = {
			isa = XCConfigurationList;
			buildConfigurations = (
				1BFA5FC1263C72940030AE03 /* Debug */,
				1BFA5FC2263C72940030AE03 /* Release */,
			);
			defaultConfigurationIsVisible = 0;
			defaultConfigurationName = Release;
		};
		1BFA5FC3263C72940030AE03 /* Build configuration list for PBXNativeTarget "Superlista" */ = {
			isa = XCConfigurationList;
			buildConfigurations = (
				1BFA5FC4263C72940030AE03 /* Debug */,
				1BFA5FC5263C72940030AE03 /* Release */,
			);
			defaultConfigurationIsVisible = 0;
			defaultConfigurationName = Release;
		};
		1BFA5FC6263C72940030AE03 /* Build configuration list for PBXNativeTarget "SuperlistaTests" */ = {
			isa = XCConfigurationList;
			buildConfigurations = (
				1BFA5FC7263C72940030AE03 /* Debug */,
				1BFA5FC8263C72940030AE03 /* Release */,
			);
			defaultConfigurationIsVisible = 0;
			defaultConfigurationName = Release;
		};
		1BFA5FC9263C72940030AE03 /* Build configuration list for PBXNativeTarget "SuperlistaUITests" */ = {
			isa = XCConfigurationList;
			buildConfigurations = (
				1BFA5FCA263C72940030AE03 /* Debug */,
				1BFA5FCB263C72940030AE03 /* Release */,
			);
			defaultConfigurationIsVisible = 0;
			defaultConfigurationName = Release;
		};
/* End XCConfigurationList section */

/* Begin XCRemoteSwiftPackageReference section */
		1B32EF0826600A41006AE70B /* XCRemoteSwiftPackageReference "lottie-ios" */ = {
			isa = XCRemoteSwiftPackageReference;
			repositoryURL = "https://github.com/airbnb/lottie-ios.git";
			requirement = {
				kind = upToNextMajorVersion;
				minimumVersion = 3.2.3;
			};
		};
/* End XCRemoteSwiftPackageReference section */

/* Begin XCSwiftPackageProductDependency section */
		1B32EF0926600A41006AE70B /* Lottie */ = {
			isa = XCSwiftPackageProductDependency;
			package = 1B32EF0826600A41006AE70B /* XCRemoteSwiftPackageReference "lottie-ios" */;
			productName = Lottie;
		};
/* End XCSwiftPackageProductDependency section */
	};
	rootObject = 1BFA5F96263C72900030AE03 /* Project object */;
}
