// !$*UTF8*$!
{
	archiveVersion = 1;
	classes = {
	};
	objectVersion = 50;
	objects = {

/* Begin PBXBuildFile section */
		09725AFF264460AF0006D410 /* CustomHeader.swift in Sources */ = {isa = PBXBuildFile; fileRef = 09725AFE264460AF0006D410 /* CustomHeader.swift */; };
		09725B0526446C710006D410 /* CustomNavigationBar.swift in Sources */ = {isa = PBXBuildFile; fileRef = 09725B0426446C710006D410 /* CustomNavigationBar.swift */; };
		09725B09264470EE0006D410 /* MainScreen.swift in Sources */ = {isa = PBXBuildFile; fileRef = 09725B08264470EE0006D410 /* MainScreen.swift */; };
		09725B1B264C5FE40006D410 /* FakeSearchBar.swift in Sources */ = {isa = PBXBuildFile; fileRef = 09725B1A264C5FE40006D410 /* FakeSearchBar.swift */; };
		09725B1D264C60BC0006D410 /* ItemCommentView.swift in Sources */ = {isa = PBXBuildFile; fileRef = 09725B1C264C60BC0006D410 /* ItemCommentView.swift */; };
		09725B1F264C63510006D410 /* ListPerItemsView.swift in Sources */ = {isa = PBXBuildFile; fileRef = 09725B1E264C63510006D410 /* ListPerItemsView.swift */; };
		09725B21264C64F90006D410 /* ColorModel.swift in Sources */ = {isa = PBXBuildFile; fileRef = 09725B20264C64F90006D410 /* ColorModel.swift */; };
		09725B232652DCAD0006D410 /* ListByCategoryView.swift in Sources */ = {isa = PBXBuildFile; fileRef = 09725B222652DCAD0006D410 /* ListByCategoryView.swift */; };
		09725B29265437E80006D410 /* ListPerCategoryView.swift in Sources */ = {isa = PBXBuildFile; fileRef = 09725B28265437E80006D410 /* ListPerCategoryView.swift */; };
		1B43E5AE264B0F61002C6D64 /* GridListView.swift in Sources */ = {isa = PBXBuildFile; fileRef = 1B43E5AD264B0F61002C6D64 /* GridListView.swift */; };
		1B43E5B3264B13BE002C6D64 /* DropViewDelegate.swift in Sources */ = {isa = PBXBuildFile; fileRef = 1B43E5B2264B13BE002C6D64 /* DropViewDelegate.swift */; };
		1B43E5B8264B1595002C6D64 /* TestScreen.swift in Sources */ = {isa = PBXBuildFile; fileRef = 1B43E5B7264B1595002C6D64 /* TestScreen.swift */; };
		1B4678B426447F850014B288 /* AddNewItemView.swift in Sources */ = {isa = PBXBuildFile; fileRef = 1B4678B326447F850014B288 /* AddNewItemView.swift */; };
		1B4678BA26447FC40014B288 /* SeachBar.swift in Sources */ = {isa = PBXBuildFile; fileRef = 1B4678B926447FC40014B288 /* SeachBar.swift */; };
		1BFA5FA2263C72900030AE03 /* SuperlistaApp.swift in Sources */ = {isa = PBXBuildFile; fileRef = 1BFA5FA1263C72900030AE03 /* SuperlistaApp.swift */; };
		1BFA5FA4263C72900030AE03 /* ProductListView.swift in Sources */ = {isa = PBXBuildFile; fileRef = 1BFA5FA3263C72900030AE03 /* ProductListView.swift */; };
		1BFA5FA6263C72940030AE03 /* Assets.xcassets in Resources */ = {isa = PBXBuildFile; fileRef = 1BFA5FA5263C72940030AE03 /* Assets.xcassets */; };
		1BFA5FA9263C72940030AE03 /* Preview Assets.xcassets in Resources */ = {isa = PBXBuildFile; fileRef = 1BFA5FA8263C72940030AE03 /* Preview Assets.xcassets */; };
		1BFA604F2641DAFB0030AE03 /* DataModel.swift in Sources */ = {isa = PBXBuildFile; fileRef = 1BFA604E2641DAFB0030AE03 /* DataModel.swift */; };
		1BFA60572641DB770030AE03 /* ProductModel.swift in Sources */ = {isa = PBXBuildFile; fileRef = 1BFA60562641DB770030AE03 /* ProductModel.swift */; };
		1BFA60682641DE9B0030AE03 /* productList.json in Resources */ = {isa = PBXBuildFile; fileRef = 1BFA60672641DE9B0030AE03 /* productList.json */; };
		890913822649BC8100C619A3 /* ListsViewModel.swift in Sources */ = {isa = PBXBuildFile; fileRef = 890913812649BC8100C619A3 /* ListsViewModel.swift */; };
		890913842649BCCA00C619A3 /* ListModel.swift in Sources */ = {isa = PBXBuildFile; fileRef = 890913832649BCCA00C619A3 /* ListModel.swift */; };
		890913862649BEC800C619A3 /* ListsView.swift in Sources */ = {isa = PBXBuildFile; fileRef = 890913852649BEC800C619A3 /* ListsView.swift */; };
		8948F8D4265325E000394EB6 /* ListHeader.swift in Sources */ = {isa = PBXBuildFile; fileRef = 8948F8D3265325E000394EB6 /* ListHeader.swift */; };
		894948BD264C5DB5006C8AA5 /* MainView.swift in Sources */ = {isa = PBXBuildFile; fileRef = 894948BC264C5DB5006C8AA5 /* MainView.swift */; };
		8980E9CA2644AF91002A5073 /* ListView.swift in Sources */ = {isa = PBXBuildFile; fileRef = 8980E9C92644AF91002A5073 /* ListView.swift */; };
		898D645B264316300019ABCE /* ProductListViewModel.swift in Sources */ = {isa = PBXBuildFile; fileRef = 898D645A264316300019ABCE /* ProductListViewModel.swift */; };
		898D6461264321CB0019ABCE /* ItemModel.swift in Sources */ = {isa = PBXBuildFile; fileRef = 898D6460264321CB0019ABCE /* ItemModel.swift */; };
/* End PBXBuildFile section */

/* Begin PBXContainerItemProxy section */
		1BFA5FB0263C72940030AE03 /* PBXContainerItemProxy */ = {
			isa = PBXContainerItemProxy;
			containerPortal = 1BFA5F96263C72900030AE03 /* Project object */;
			proxyType = 1;
			remoteGlobalIDString = 1BFA5F9D263C72900030AE03;
			remoteInfo = Superlista;
		};
		1BFA5FBB263C72940030AE03 /* PBXContainerItemProxy */ = {
			isa = PBXContainerItemProxy;
			containerPortal = 1BFA5F96263C72900030AE03 /* Project object */;
			proxyType = 1;
			remoteGlobalIDString = 1BFA5F9D263C72900030AE03;
			remoteInfo = Superlista;
		};
/* End PBXContainerItemProxy section */

/* Begin PBXFileReference section */
		09725AFE264460AF0006D410 /* CustomHeader.swift */ = {isa = PBXFileReference; lastKnownFileType = sourcecode.swift; path = CustomHeader.swift; sourceTree = "<group>"; };
		09725B0426446C710006D410 /* CustomNavigationBar.swift */ = {isa = PBXFileReference; lastKnownFileType = sourcecode.swift; path = CustomNavigationBar.swift; sourceTree = "<group>"; };
		09725B08264470EE0006D410 /* MainScreen.swift */ = {isa = PBXFileReference; lastKnownFileType = sourcecode.swift; path = MainScreen.swift; sourceTree = "<group>"; };
		09725B1A264C5FE40006D410 /* FakeSearchBar.swift */ = {isa = PBXFileReference; lastKnownFileType = sourcecode.swift; path = FakeSearchBar.swift; sourceTree = "<group>"; };
		09725B1C264C60BC0006D410 /* ItemCommentView.swift */ = {isa = PBXFileReference; lastKnownFileType = sourcecode.swift; path = ItemCommentView.swift; sourceTree = "<group>"; };
		09725B1E264C63510006D410 /* ListPerItemsView.swift */ = {isa = PBXFileReference; lastKnownFileType = sourcecode.swift; path = ListPerItemsView.swift; sourceTree = "<group>"; };
		09725B20264C64F90006D410 /* ColorModel.swift */ = {isa = PBXFileReference; lastKnownFileType = sourcecode.swift; path = ColorModel.swift; sourceTree = "<group>"; };
		09725B222652DCAD0006D410 /* ListByCategoryView.swift */ = {isa = PBXFileReference; lastKnownFileType = sourcecode.swift; path = ListByCategoryView.swift; sourceTree = "<group>"; };
		09725B28265437E80006D410 /* ListPerCategoryView.swift */ = {isa = PBXFileReference; lastKnownFileType = sourcecode.swift; path = ListPerCategoryView.swift; sourceTree = "<group>"; };
		1B43E5AD264B0F61002C6D64 /* GridListView.swift */ = {isa = PBXFileReference; lastKnownFileType = sourcecode.swift; path = GridListView.swift; sourceTree = "<group>"; };
		1B43E5B2264B13BE002C6D64 /* DropViewDelegate.swift */ = {isa = PBXFileReference; lastKnownFileType = sourcecode.swift; path = DropViewDelegate.swift; sourceTree = "<group>"; };
		1B43E5B7264B1595002C6D64 /* TestScreen.swift */ = {isa = PBXFileReference; lastKnownFileType = sourcecode.swift; path = TestScreen.swift; sourceTree = "<group>"; };
		1B4678B326447F850014B288 /* AddNewItemView.swift */ = {isa = PBXFileReference; lastKnownFileType = sourcecode.swift; path = AddNewItemView.swift; sourceTree = "<group>"; };
		1B4678B926447FC40014B288 /* SeachBar.swift */ = {isa = PBXFileReference; lastKnownFileType = sourcecode.swift; path = SeachBar.swift; sourceTree = "<group>"; };
		1BFA5F9E263C72900030AE03 /* Superlista.app */ = {isa = PBXFileReference; explicitFileType = wrapper.application; includeInIndex = 0; path = Superlista.app; sourceTree = BUILT_PRODUCTS_DIR; };
		1BFA5FA1263C72900030AE03 /* SuperlistaApp.swift */ = {isa = PBXFileReference; lastKnownFileType = sourcecode.swift; path = SuperlistaApp.swift; sourceTree = "<group>"; };
		1BFA5FA3263C72900030AE03 /* ProductListView.swift */ = {isa = PBXFileReference; lastKnownFileType = sourcecode.swift; path = ProductListView.swift; sourceTree = "<group>"; };
		1BFA5FA5263C72940030AE03 /* Assets.xcassets */ = {isa = PBXFileReference; lastKnownFileType = folder.assetcatalog; path = Assets.xcassets; sourceTree = "<group>"; };
		1BFA5FA8263C72940030AE03 /* Preview Assets.xcassets */ = {isa = PBXFileReference; lastKnownFileType = folder.assetcatalog; path = "Preview Assets.xcassets"; sourceTree = "<group>"; };
		1BFA5FAA263C72940030AE03 /* Info.plist */ = {isa = PBXFileReference; lastKnownFileType = text.plist.xml; path = Info.plist; sourceTree = "<group>"; };
		1BFA5FAF263C72940030AE03 /* SuperlistaTests.xctest */ = {isa = PBXFileReference; explicitFileType = wrapper.cfbundle; includeInIndex = 0; path = SuperlistaTests.xctest; sourceTree = BUILT_PRODUCTS_DIR; };
		1BFA5FBA263C72940030AE03 /* SuperlistaUITests.xctest */ = {isa = PBXFileReference; explicitFileType = wrapper.cfbundle; includeInIndex = 0; path = SuperlistaUITests.xctest; sourceTree = BUILT_PRODUCTS_DIR; };
		1BFA604E2641DAFB0030AE03 /* DataModel.swift */ = {isa = PBXFileReference; lastKnownFileType = sourcecode.swift; path = DataModel.swift; sourceTree = "<group>"; };
		1BFA60562641DB770030AE03 /* ProductModel.swift */ = {isa = PBXFileReference; lastKnownFileType = sourcecode.swift; path = ProductModel.swift; sourceTree = "<group>"; };
		1BFA60672641DE9B0030AE03 /* productList.json */ = {isa = PBXFileReference; fileEncoding = 4; lastKnownFileType = text.json; path = productList.json; sourceTree = "<group>"; };
		890913812649BC8100C619A3 /* ListsViewModel.swift */ = {isa = PBXFileReference; lastKnownFileType = sourcecode.swift; path = ListsViewModel.swift; sourceTree = "<group>"; };
		890913832649BCCA00C619A3 /* ListModel.swift */ = {isa = PBXFileReference; lastKnownFileType = sourcecode.swift; path = ListModel.swift; sourceTree = "<group>"; };
		890913852649BEC800C619A3 /* ListsView.swift */ = {isa = PBXFileReference; lastKnownFileType = sourcecode.swift; path = ListsView.swift; sourceTree = "<group>"; };
		8948F8D3265325E000394EB6 /* ListHeader.swift */ = {isa = PBXFileReference; lastKnownFileType = sourcecode.swift; path = ListHeader.swift; sourceTree = "<group>"; };
		894948BC264C5DB5006C8AA5 /* MainView.swift */ = {isa = PBXFileReference; lastKnownFileType = sourcecode.swift; path = MainView.swift; sourceTree = "<group>"; };
		8980E9C92644AF91002A5073 /* ListView.swift */ = {isa = PBXFileReference; lastKnownFileType = sourcecode.swift; path = ListView.swift; sourceTree = "<group>"; };
		898D645A264316300019ABCE /* ProductListViewModel.swift */ = {isa = PBXFileReference; lastKnownFileType = sourcecode.swift; path = ProductListViewModel.swift; sourceTree = "<group>"; };
		898D6460264321CB0019ABCE /* ItemModel.swift */ = {isa = PBXFileReference; lastKnownFileType = sourcecode.swift; path = ItemModel.swift; sourceTree = "<group>"; };
/* End PBXFileReference section */

/* Begin PBXFrameworksBuildPhase section */
		1BFA5F9B263C72900030AE03 /* Frameworks */ = {
			isa = PBXFrameworksBuildPhase;
			buildActionMask = 2147483647;
			files = (
			);
			runOnlyForDeploymentPostprocessing = 0;
		};
		1BFA5FAC263C72940030AE03 /* Frameworks */ = {
			isa = PBXFrameworksBuildPhase;
			buildActionMask = 2147483647;
			files = (
			);
			runOnlyForDeploymentPostprocessing = 0;
		};
		1BFA5FB7263C72940030AE03 /* Frameworks */ = {
			isa = PBXFrameworksBuildPhase;
			buildActionMask = 2147483647;
			files = (
			);
			runOnlyForDeploymentPostprocessing = 0;
		};
/* End PBXFrameworksBuildPhase section */

/* Begin PBXGroup section */
		1B4678B826447F8B0014B288 /* Components */ = {
			isa = PBXGroup;
			children = (
				1B4678B926447FC40014B288 /* SeachBar.swift */,
				09725B1A264C5FE40006D410 /* FakeSearchBar.swift */,
				8948F8D3265325E000394EB6 /* ListHeader.swift */,
			);
			path = Components;
			sourceTree = "<group>";
		};
		1BFA5F95263C72900030AE03 = {
			isa = PBXGroup;
			children = (
				1BFA5FA0263C72900030AE03 /* Superlista */,
				1BFA5F9F263C72900030AE03 /* Products */,
			);
			sourceTree = "<group>";
		};
		1BFA5F9F263C72900030AE03 /* Products */ = {
			isa = PBXGroup;
			children = (
				1BFA5F9E263C72900030AE03 /* Superlista.app */,
				1BFA5FAF263C72940030AE03 /* SuperlistaTests.xctest */,
				1BFA5FBA263C72940030AE03 /* SuperlistaUITests.xctest */,
			);
			name = Products;
			sourceTree = "<group>";
		};
		1BFA5FA0263C72900030AE03 /* Superlista */ = {
			isa = PBXGroup;
			children = (
				1B4678B826447F8B0014B288 /* Components */,
				898D64572643155C0019ABCE /* ViewModels */,
				898D64282641E99B0019ABCE /* Views */,
				1BFA605B2641DBB30030AE03 /* resources */,
				1BFA604D2641DAEF0030AE03 /* Models */,
				1BFA5FA1263C72900030AE03 /* SuperlistaApp.swift */,
				1BFA5FA5263C72940030AE03 /* Assets.xcassets */,
				1BFA5FAA263C72940030AE03 /* Info.plist */,
				1BFA5FA7263C72940030AE03 /* Preview Content */,
			);
			path = Superlista;
			sourceTree = "<group>";
		};
		1BFA5FA7263C72940030AE03 /* Preview Content */ = {
			isa = PBXGroup;
			children = (
				1BFA5FA8263C72940030AE03 /* Preview Assets.xcassets */,
			);
			path = "Preview Content";
			sourceTree = "<group>";
		};
		1BFA604D2641DAEF0030AE03 /* Models */ = {
			isa = PBXGroup;
			children = (
				1BFA604E2641DAFB0030AE03 /* DataModel.swift */,
				1BFA60562641DB770030AE03 /* ProductModel.swift */,
				898D6460264321CB0019ABCE /* ItemModel.swift */,
				890913832649BCCA00C619A3 /* ListModel.swift */,
				09725B20264C64F90006D410 /* ColorModel.swift */,
			);
			path = Models;
			sourceTree = "<group>";
		};
		1BFA605B2641DBB30030AE03 /* resources */ = {
			isa = PBXGroup;
			children = (
				1BFA60672641DE9B0030AE03 /* productList.json */,
			);
			path = resources;
			sourceTree = "<group>";
		};
		898D64282641E99B0019ABCE /* Views */ = {
			isa = PBXGroup;
			children = (
				1BFA5FA3263C72900030AE03 /* ProductListView.swift */,
				8980E9C92644AF91002A5073 /* ListView.swift */,
				09725AFE264460AF0006D410 /* CustomHeader.swift */,
				09725B0426446C710006D410 /* CustomNavigationBar.swift */,
				09725B08264470EE0006D410 /* MainScreen.swift */,
				890913852649BEC800C619A3 /* ListsView.swift */,
				1B4678B326447F850014B288 /* AddNewItemView.swift */,
				1B43E5AD264B0F61002C6D64 /* GridListView.swift */,
				1B43E5B7264B1595002C6D64 /* TestScreen.swift */,
				894948BC264C5DB5006C8AA5 /* MainView.swift */,
				09725B1C264C60BC0006D410 /* ItemCommentView.swift */,
				09725B1E264C63510006D410 /* ListPerItemsView.swift */,
				09725B222652DCAD0006D410 /* ListByCategoryView.swift */,
				09725B28265437E80006D410 /* ListPerCategoryView.swift */,
			);
			path = Views;
			sourceTree = "<group>";
		};
		898D64572643155C0019ABCE /* ViewModels */ = {
			isa = PBXGroup;
			children = (
				898D645A264316300019ABCE /* ProductListViewModel.swift */,
				1B43E5B2264B13BE002C6D64 /* DropViewDelegate.swift */,
				890913812649BC8100C619A3 /* ListsViewModel.swift */,
			);
			path = ViewModels;
			sourceTree = "<group>";
		};
/* End PBXGroup section */

/* Begin PBXNativeTarget section */
		1BFA5F9D263C72900030AE03 /* Superlista */ = {
			isa = PBXNativeTarget;
			buildConfigurationList = 1BFA5FC3263C72940030AE03 /* Build configuration list for PBXNativeTarget "Superlista" */;
			buildPhases = (
				1BFA5F9A263C72900030AE03 /* Sources */,
				1BFA5F9B263C72900030AE03 /* Frameworks */,
				1BFA5F9C263C72900030AE03 /* Resources */,
			);
			buildRules = (
			);
			dependencies = (
			);
			name = Superlista;
			productName = Superlista;
			productReference = 1BFA5F9E263C72900030AE03 /* Superlista.app */;
			productType = "com.apple.product-type.application";
		};
		1BFA5FAE263C72940030AE03 /* SuperlistaTests */ = {
			isa = PBXNativeTarget;
			buildConfigurationList = 1BFA5FC6263C72940030AE03 /* Build configuration list for PBXNativeTarget "SuperlistaTests" */;
			buildPhases = (
				1BFA5FAB263C72940030AE03 /* Sources */,
				1BFA5FAC263C72940030AE03 /* Frameworks */,
				1BFA5FAD263C72940030AE03 /* Resources */,
			);
			buildRules = (
			);
			dependencies = (
				1BFA5FB1263C72940030AE03 /* PBXTargetDependency */,
			);
			name = SuperlistaTests;
			productName = SuperlistaTests;
			productReference = 1BFA5FAF263C72940030AE03 /* SuperlistaTests.xctest */;
			productType = "com.apple.product-type.bundle.unit-test";
		};
		1BFA5FB9263C72940030AE03 /* SuperlistaUITests */ = {
			isa = PBXNativeTarget;
			buildConfigurationList = 1BFA5FC9263C72940030AE03 /* Build configuration list for PBXNativeTarget "SuperlistaUITests" */;
			buildPhases = (
				1BFA5FB6263C72940030AE03 /* Sources */,
				1BFA5FB7263C72940030AE03 /* Frameworks */,
				1BFA5FB8263C72940030AE03 /* Resources */,
			);
			buildRules = (
			);
			dependencies = (
				1BFA5FBC263C72940030AE03 /* PBXTargetDependency */,
			);
			name = SuperlistaUITests;
			productName = SuperlistaUITests;
			productReference = 1BFA5FBA263C72940030AE03 /* SuperlistaUITests.xctest */;
			productType = "com.apple.product-type.bundle.ui-testing";
		};
/* End PBXNativeTarget section */

/* Begin PBXProject section */
		1BFA5F96263C72900030AE03 /* Project object */ = {
			isa = PBXProject;
			attributes = {
				LastSwiftUpdateCheck = 1240;
				LastUpgradeCheck = 1240;
				TargetAttributes = {
					1BFA5F9D263C72900030AE03 = {
						CreatedOnToolsVersion = 12.4;
					};
					1BFA5FAE263C72940030AE03 = {
						CreatedOnToolsVersion = 12.4;
						TestTargetID = 1BFA5F9D263C72900030AE03;
					};
					1BFA5FB9263C72940030AE03 = {
						CreatedOnToolsVersion = 12.4;
						TestTargetID = 1BFA5F9D263C72900030AE03;
					};
				};
			};
			buildConfigurationList = 1BFA5F99263C72900030AE03 /* Build configuration list for PBXProject "Superlista" */;
			compatibilityVersion = "Xcode 9.3";
			developmentRegion = en;
			hasScannedForEncodings = 0;
			knownRegions = (
				en,
				Base,
			);
			mainGroup = 1BFA5F95263C72900030AE03;
			productRefGroup = 1BFA5F9F263C72900030AE03 /* Products */;
			projectDirPath = "";
			projectRoot = "";
			targets = (
				1BFA5F9D263C72900030AE03 /* Superlista */,
				1BFA5FAE263C72940030AE03 /* SuperlistaTests */,
				1BFA5FB9263C72940030AE03 /* SuperlistaUITests */,
			);
		};
/* End PBXProject section */

/* Begin PBXResourcesBuildPhase section */
		1BFA5F9C263C72900030AE03 /* Resources */ = {
			isa = PBXResourcesBuildPhase;
			buildActionMask = 2147483647;
			files = (
				1BFA60682641DE9B0030AE03 /* productList.json in Resources */,
				1BFA5FA9263C72940030AE03 /* Preview Assets.xcassets in Resources */,
				1BFA5FA6263C72940030AE03 /* Assets.xcassets in Resources */,
			);
			runOnlyForDeploymentPostprocessing = 0;
		};
		1BFA5FAD263C72940030AE03 /* Resources */ = {
			isa = PBXResourcesBuildPhase;
			buildActionMask = 2147483647;
			files = (
			);
			runOnlyForDeploymentPostprocessing = 0;
		};
		1BFA5FB8263C72940030AE03 /* Resources */ = {
			isa = PBXResourcesBuildPhase;
			buildActionMask = 2147483647;
			files = (
			);
			runOnlyForDeploymentPostprocessing = 0;
		};
/* End PBXResourcesBuildPhase section */

/* Begin PBXSourcesBuildPhase section */
		1BFA5F9A263C72900030AE03 /* Sources */ = {
			isa = PBXSourcesBuildPhase;
			buildActionMask = 2147483647;
			files = (
				09725B21264C64F90006D410 /* ColorModel.swift in Sources */,
				09725B1B264C5FE40006D410 /* FakeSearchBar.swift in Sources */,
				09725B0526446C710006D410 /* CustomNavigationBar.swift in Sources */,
				890913862649BEC800C619A3 /* ListsView.swift in Sources */,
				1BFA60572641DB770030AE03 /* ProductModel.swift in Sources */,
				1BFA5FA4263C72900030AE03 /* ProductListView.swift in Sources */,
				898D6461264321CB0019ABCE /* ItemModel.swift in Sources */,
				1B43E5B8264B1595002C6D64 /* TestScreen.swift in Sources */,
				8980E9CA2644AF91002A5073 /* ListView.swift in Sources */,
				1B43E5AE264B0F61002C6D64 /* GridListView.swift in Sources */,
				09725B09264470EE0006D410 /* MainScreen.swift in Sources */,
				1B4678BA26447FC40014B288 /* SeachBar.swift in Sources */,
				09725B1F264C63510006D410 /* ListPerItemsView.swift in Sources */,
				09725B232652DCAD0006D410 /* ListByCategoryView.swift in Sources */,
				09725B29265437E80006D410 /* ListPerCategoryView.swift in Sources */,
				1B4678B426447F850014B288 /* AddNewItemView.swift in Sources */,
				894948BD264C5DB5006C8AA5 /* MainView.swift in Sources */,
				1BFA5FA2263C72900030AE03 /* SuperlistaApp.swift in Sources */,
				8948F8D4265325E000394EB6 /* ListHeader.swift in Sources */,
				1BFA604F2641DAFB0030AE03 /* DataModel.swift in Sources */,
				1B43E5B3264B13BE002C6D64 /* DropViewDelegate.swift in Sources */,
				898D645B264316300019ABCE /* ProductListViewModel.swift in Sources */,
				09725B1D264C60BC0006D410 /* ItemCommentView.swift in Sources */,
				890913822649BC8100C619A3 /* ListsViewModel.swift in Sources */,
				890913842649BCCA00C619A3 /* ListModel.swift in Sources */,
				09725AFF264460AF0006D410 /* CustomHeader.swift in Sources */,
			);
			runOnlyForDeploymentPostprocessing = 0;
		};
		1BFA5FAB263C72940030AE03 /* Sources */ = {
			isa = PBXSourcesBuildPhase;
			buildActionMask = 2147483647;
			files = (
			);
			runOnlyForDeploymentPostprocessing = 0;
		};
		1BFA5FB6263C72940030AE03 /* Sources */ = {
			isa = PBXSourcesBuildPhase;
			buildActionMask = 2147483647;
			files = (
			);
			runOnlyForDeploymentPostprocessing = 0;
		};
/* End PBXSourcesBuildPhase section */

/* Begin PBXTargetDependency section */
		1BFA5FB1263C72940030AE03 /* PBXTargetDependency */ = {
			isa = PBXTargetDependency;
			target = 1BFA5F9D263C72900030AE03 /* Superlista */;
			targetProxy = 1BFA5FB0263C72940030AE03 /* PBXContainerItemProxy */;
		};
		1BFA5FBC263C72940030AE03 /* PBXTargetDependency */ = {
			isa = PBXTargetDependency;
			target = 1BFA5F9D263C72900030AE03 /* Superlista */;
			targetProxy = 1BFA5FBB263C72940030AE03 /* PBXContainerItemProxy */;
		};
/* End PBXTargetDependency section */

/* Begin XCBuildConfiguration section */
		1BFA5FC1263C72940030AE03 /* Debug */ = {
			isa = XCBuildConfiguration;
			buildSettings = {
				ALWAYS_SEARCH_USER_PATHS = NO;
				CLANG_ANALYZER_NONNULL = YES;
				CLANG_ANALYZER_NUMBER_OBJECT_CONVERSION = YES_AGGRESSIVE;
				CLANG_CXX_LANGUAGE_STANDARD = "gnu++14";
				CLANG_CXX_LIBRARY = "libc++";
				CLANG_ENABLE_MODULES = YES;
				CLANG_ENABLE_OBJC_ARC = YES;
				CLANG_ENABLE_OBJC_WEAK = YES;
				CLANG_WARN_BLOCK_CAPTURE_AUTORELEASING = YES;
				CLANG_WARN_BOOL_CONVERSION = YES;
				CLANG_WARN_COMMA = YES;
				CLANG_WARN_CONSTANT_CONVERSION = YES;
				CLANG_WARN_DEPRECATED_OBJC_IMPLEMENTATIONS = YES;
				CLANG_WARN_DIRECT_OBJC_ISA_USAGE = YES_ERROR;
				CLANG_WARN_DOCUMENTATION_COMMENTS = YES;
				CLANG_WARN_EMPTY_BODY = YES;
				CLANG_WARN_ENUM_CONVERSION = YES;
				CLANG_WARN_INFINITE_RECURSION = YES;
				CLANG_WARN_INT_CONVERSION = YES;
				CLANG_WARN_NON_LITERAL_NULL_CONVERSION = YES;
				CLANG_WARN_OBJC_IMPLICIT_RETAIN_SELF = YES;
				CLANG_WARN_OBJC_LITERAL_CONVERSION = YES;
				CLANG_WARN_OBJC_ROOT_CLASS = YES_ERROR;
				CLANG_WARN_QUOTED_INCLUDE_IN_FRAMEWORK_HEADER = YES;
				CLANG_WARN_RANGE_LOOP_ANALYSIS = YES;
				CLANG_WARN_STRICT_PROTOTYPES = YES;
				CLANG_WARN_SUSPICIOUS_MOVE = YES;
				CLANG_WARN_UNGUARDED_AVAILABILITY = YES_AGGRESSIVE;
				CLANG_WARN_UNREACHABLE_CODE = YES;
				CLANG_WARN__DUPLICATE_METHOD_MATCH = YES;
				COPY_PHASE_STRIP = NO;
				DEBUG_INFORMATION_FORMAT = dwarf;
				ENABLE_STRICT_OBJC_MSGSEND = YES;
				ENABLE_TESTABILITY = YES;
				GCC_C_LANGUAGE_STANDARD = gnu11;
				GCC_DYNAMIC_NO_PIC = NO;
				GCC_NO_COMMON_BLOCKS = YES;
				GCC_OPTIMIZATION_LEVEL = 0;
				GCC_PREPROCESSOR_DEFINITIONS = (
					"DEBUG=1",
					"$(inherited)",
				);
				GCC_WARN_64_TO_32_BIT_CONVERSION = YES;
				GCC_WARN_ABOUT_RETURN_TYPE = YES_ERROR;
				GCC_WARN_UNDECLARED_SELECTOR = YES;
				GCC_WARN_UNINITIALIZED_AUTOS = YES_AGGRESSIVE;
				GCC_WARN_UNUSED_FUNCTION = YES;
				GCC_WARN_UNUSED_VARIABLE = YES;
				IPHONEOS_DEPLOYMENT_TARGET = 14.4;
				MTL_ENABLE_DEBUG_INFO = INCLUDE_SOURCE;
				MTL_FAST_MATH = YES;
				ONLY_ACTIVE_ARCH = YES;
				SDKROOT = iphoneos;
				SWIFT_ACTIVE_COMPILATION_CONDITIONS = DEBUG;
				SWIFT_OPTIMIZATION_LEVEL = "-Onone";
			};
			name = Debug;
		};
		1BFA5FC2263C72940030AE03 /* Release */ = {
			isa = XCBuildConfiguration;
			buildSettings = {
				ALWAYS_SEARCH_USER_PATHS = NO;
				CLANG_ANALYZER_NONNULL = YES;
				CLANG_ANALYZER_NUMBER_OBJECT_CONVERSION = YES_AGGRESSIVE;
				CLANG_CXX_LANGUAGE_STANDARD = "gnu++14";
				CLANG_CXX_LIBRARY = "libc++";
				CLANG_ENABLE_MODULES = YES;
				CLANG_ENABLE_OBJC_ARC = YES;
				CLANG_ENABLE_OBJC_WEAK = YES;
				CLANG_WARN_BLOCK_CAPTURE_AUTORELEASING = YES;
				CLANG_WARN_BOOL_CONVERSION = YES;
				CLANG_WARN_COMMA = YES;
				CLANG_WARN_CONSTANT_CONVERSION = YES;
				CLANG_WARN_DEPRECATED_OBJC_IMPLEMENTATIONS = YES;
				CLANG_WARN_DIRECT_OBJC_ISA_USAGE = YES_ERROR;
				CLANG_WARN_DOCUMENTATION_COMMENTS = YES;
				CLANG_WARN_EMPTY_BODY = YES;
				CLANG_WARN_ENUM_CONVERSION = YES;
				CLANG_WARN_INFINITE_RECURSION = YES;
				CLANG_WARN_INT_CONVERSION = YES;
				CLANG_WARN_NON_LITERAL_NULL_CONVERSION = YES;
				CLANG_WARN_OBJC_IMPLICIT_RETAIN_SELF = YES;
				CLANG_WARN_OBJC_LITERAL_CONVERSION = YES;
				CLANG_WARN_OBJC_ROOT_CLASS = YES_ERROR;
				CLANG_WARN_QUOTED_INCLUDE_IN_FRAMEWORK_HEADER = YES;
				CLANG_WARN_RANGE_LOOP_ANALYSIS = YES;
				CLANG_WARN_STRICT_PROTOTYPES = YES;
				CLANG_WARN_SUSPICIOUS_MOVE = YES;
				CLANG_WARN_UNGUARDED_AVAILABILITY = YES_AGGRESSIVE;
				CLANG_WARN_UNREACHABLE_CODE = YES;
				CLANG_WARN__DUPLICATE_METHOD_MATCH = YES;
				COPY_PHASE_STRIP = NO;
				DEBUG_INFORMATION_FORMAT = "dwarf-with-dsym";
				ENABLE_NS_ASSERTIONS = NO;
				ENABLE_STRICT_OBJC_MSGSEND = YES;
				GCC_C_LANGUAGE_STANDARD = gnu11;
				GCC_NO_COMMON_BLOCKS = YES;
				GCC_WARN_64_TO_32_BIT_CONVERSION = YES;
				GCC_WARN_ABOUT_RETURN_TYPE = YES_ERROR;
				GCC_WARN_UNDECLARED_SELECTOR = YES;
				GCC_WARN_UNINITIALIZED_AUTOS = YES_AGGRESSIVE;
				GCC_WARN_UNUSED_FUNCTION = YES;
				GCC_WARN_UNUSED_VARIABLE = YES;
				IPHONEOS_DEPLOYMENT_TARGET = 14.4;
				MTL_ENABLE_DEBUG_INFO = NO;
				MTL_FAST_MATH = YES;
				SDKROOT = iphoneos;
				SWIFT_COMPILATION_MODE = wholemodule;
				SWIFT_OPTIMIZATION_LEVEL = "-O";
				VALIDATE_PRODUCT = YES;
			};
			name = Release;
		};
		1BFA5FC4263C72940030AE03 /* Debug */ = {
			isa = XCBuildConfiguration;
			buildSettings = {
				ASSETCATALOG_COMPILER_APPICON_NAME = AppIcon;
				ASSETCATALOG_COMPILER_GLOBAL_ACCENT_COLOR_NAME = AccentColor;
				CODE_SIGN_STYLE = Automatic;
				DEVELOPMENT_ASSET_PATHS = "\"Superlista/Preview Content\"";
				DEVELOPMENT_TEAM = YM283LC5H4;
				ENABLE_PREVIEWS = YES;
				INFOPLIST_FILE = Superlista/Info.plist;
				IPHONEOS_DEPLOYMENT_TARGET = 14.0;
				LD_RUNPATH_SEARCH_PATHS = (
					"$(inherited)",
					"@executable_path/Frameworks",
				);
				PRODUCT_BUNDLE_IDENTIFIER = luiz.superlista;
				PRODUCT_NAME = "$(TARGET_NAME)";
				SWIFT_VERSION = 5.0;
				TARGETED_DEVICE_FAMILY = "1,2";
			};
			name = Debug;
		};
		1BFA5FC5263C72940030AE03 /* Release */ = {
			isa = XCBuildConfiguration;
			buildSettings = {
				ASSETCATALOG_COMPILER_APPICON_NAME = AppIcon;
				ASSETCATALOG_COMPILER_GLOBAL_ACCENT_COLOR_NAME = AccentColor;
				CODE_SIGN_STYLE = Automatic;
				DEVELOPMENT_ASSET_PATHS = "\"Superlista/Preview Content\"";
				DEVELOPMENT_TEAM = YM283LC5H4;
				ENABLE_PREVIEWS = YES;
				INFOPLIST_FILE = Superlista/Info.plist;
				IPHONEOS_DEPLOYMENT_TARGET = 14.0;
				LD_RUNPATH_SEARCH_PATHS = (
					"$(inherited)",
					"@executable_path/Frameworks",
				);
				PRODUCT_BUNDLE_IDENTIFIER = luiz.superlista;
				PRODUCT_NAME = "$(TARGET_NAME)";
				SWIFT_VERSION = 5.0;
				TARGETED_DEVICE_FAMILY = "1,2";
			};
			name = Release;
		};
		1BFA5FC7263C72940030AE03 /* Debug */ = {
			isa = XCBuildConfiguration;
			buildSettings = {
				ALWAYS_EMBED_SWIFT_STANDARD_LIBRARIES = YES;
				BUNDLE_LOADER = "$(TEST_HOST)";
				CODE_SIGN_STYLE = Automatic;
				DEVELOPMENT_TEAM = YM283LC5H4;
				INFOPLIST_FILE = SuperlistaTests/Info.plist;
				IPHONEOS_DEPLOYMENT_TARGET = 14.0;
				LD_RUNPATH_SEARCH_PATHS = (
					"$(inherited)",
					"@executable_path/Frameworks",
					"@loader_path/Frameworks",
				);
				PRODUCT_BUNDLE_IDENTIFIER = com.pazzi.marina.SuperlistaTests;
				PRODUCT_NAME = "$(TARGET_NAME)";
				SWIFT_VERSION = 5.0;
				TARGETED_DEVICE_FAMILY = "1,2";
				TEST_HOST = "$(BUILT_PRODUCTS_DIR)/Superlista.app/Superlista";
			};
			name = Debug;
		};
		1BFA5FC8263C72940030AE03 /* Release */ = {
			isa = XCBuildConfiguration;
			buildSettings = {
				ALWAYS_EMBED_SWIFT_STANDARD_LIBRARIES = YES;
				BUNDLE_LOADER = "$(TEST_HOST)";
				CODE_SIGN_STYLE = Automatic;
				DEVELOPMENT_TEAM = YM283LC5H4;
				INFOPLIST_FILE = SuperlistaTests/Info.plist;
				IPHONEOS_DEPLOYMENT_TARGET = 14.0;
				LD_RUNPATH_SEARCH_PATHS = (
					"$(inherited)",
					"@executable_path/Frameworks",
					"@loader_path/Frameworks",
				);
				PRODUCT_BUNDLE_IDENTIFIER = com.pazzi.marina.SuperlistaTests;
				PRODUCT_NAME = "$(TARGET_NAME)";
				SWIFT_VERSION = 5.0;
				TARGETED_DEVICE_FAMILY = "1,2";
				TEST_HOST = "$(BUILT_PRODUCTS_DIR)/Superlista.app/Superlista";
			};
			name = Release;
		};
		1BFA5FCA263C72940030AE03 /* Debug */ = {
			isa = XCBuildConfiguration;
			buildSettings = {
				ALWAYS_EMBED_SWIFT_STANDARD_LIBRARIES = YES;
				CODE_SIGN_STYLE = Automatic;
				DEVELOPMENT_TEAM = YM283LC5H4;
				INFOPLIST_FILE = SuperlistaUITests/Info.plist;
				LD_RUNPATH_SEARCH_PATHS = (
					"$(inherited)",
					"@executable_path/Frameworks",
					"@loader_path/Frameworks",
				);
				PRODUCT_BUNDLE_IDENTIFIER = com.pazzi.marina.SuperlistaUITests;
				PRODUCT_NAME = "$(TARGET_NAME)";
				SWIFT_VERSION = 5.0;
				TARGETED_DEVICE_FAMILY = "1,2";
				TEST_TARGET_NAME = Superlista;
			};
			name = Debug;
		};
		1BFA5FCB263C72940030AE03 /* Release */ = {
			isa = XCBuildConfiguration;
			buildSettings = {
				ALWAYS_EMBED_SWIFT_STANDARD_LIBRARIES = YES;
				CODE_SIGN_STYLE = Automatic;
				DEVELOPMENT_TEAM = YM283LC5H4;
				INFOPLIST_FILE = SuperlistaUITests/Info.plist;
				LD_RUNPATH_SEARCH_PATHS = (
					"$(inherited)",
					"@executable_path/Frameworks",
					"@loader_path/Frameworks",
				);
				PRODUCT_BUNDLE_IDENTIFIER = com.pazzi.marina.SuperlistaUITests;
				PRODUCT_NAME = "$(TARGET_NAME)";
				SWIFT_VERSION = 5.0;
				TARGETED_DEVICE_FAMILY = "1,2";
				TEST_TARGET_NAME = Superlista;
			};
			name = Release;
		};
/* End XCBuildConfiguration section */

/* Begin XCConfigurationList section */
		1BFA5F99263C72900030AE03 /* Build configuration list for PBXProject "Superlista" */ = {
			isa = XCConfigurationList;
			buildConfigurations = (
				1BFA5FC1263C72940030AE03 /* Debug */,
				1BFA5FC2263C72940030AE03 /* Release */,
			);
			defaultConfigurationIsVisible = 0;
			defaultConfigurationName = Release;
		};
		1BFA5FC3263C72940030AE03 /* Build configuration list for PBXNativeTarget "Superlista" */ = {
			isa = XCConfigurationList;
			buildConfigurations = (
				1BFA5FC4263C72940030AE03 /* Debug */,
				1BFA5FC5263C72940030AE03 /* Release */,
			);
			defaultConfigurationIsVisible = 0;
			defaultConfigurationName = Release;
		};
		1BFA5FC6263C72940030AE03 /* Build configuration list for PBXNativeTarget "SuperlistaTests" */ = {
			isa = XCConfigurationList;
			buildConfigurations = (
				1BFA5FC7263C72940030AE03 /* Debug */,
				1BFA5FC8263C72940030AE03 /* Release */,
			);
			defaultConfigurationIsVisible = 0;
			defaultConfigurationName = Release;
		};
		1BFA5FC9263C72940030AE03 /* Build configuration list for PBXNativeTarget "SuperlistaUITests" */ = {
			isa = XCConfigurationList;
			buildConfigurations = (
				1BFA5FCA263C72940030AE03 /* Debug */,
				1BFA5FCB263C72940030AE03 /* Release */,
			);
			defaultConfigurationIsVisible = 0;
			defaultConfigurationName = Release;
		};
/* End XCConfigurationList section */
	};
	rootObject = 1BFA5F96263C72900030AE03 /* Project object */;
}
